
Microsoft Visual Studio Solution File, Format Version 12.00
# Visual Studio Version 18
VisualStudioVersion = 18.8.12105.206
MinimumVisualStudioVersion = 10.0.40219.1
Project("{2150E333-8FDC-42A3-9474-1A3956D46DE8}") = "tests", "tests", "{0AB3BF05-4346-4AA6-1389-037BE0695223}"
EndProject
Project("{FAE04EC0-301F-11D3-BF4B-00C04F79EFBC}") = "FlurNetz.Foundation.Tests", "tests\FlurNetz.Foundation.Tests\FlurNetz.Foundation.Tests.csproj", "{ED1DF170-257D-4C00-866E-B6A4511ACEF3}"
EndProject
Project("{2150E333-8FDC-42A3-9474-1A3956D46DE8}") = "src", "src", "{827E0CD3-B72D-47B6-A68D-7590B98EB39B}"
EndProject
Project("{FAE04EC0-301F-11D3-BF4B-00C04F79EFBC}") = "FlurNetz.BuildingBlocks", "src\FlurNetz.BuildingBlocks\FlurNetz.BuildingBlocks.csproj", "{515A9E4E-A90F-44DD-B96D-B726D6CC0514}"
EndProject
Project("{FAE04EC0-301F-11D3-BF4B-00C04F79EFBC}") = "FlurNetz.Persistence", "src\FlurNetz.Persistence\FlurNetz.Persistence.csproj", "{A5E4C2B8-6F31-4F7B-9B7E-1D4C918B2E50}"
EndProject
Project("{FAE04EC0-301F-11D3-BF4B-00C04F79EFBC}") = "FlurNetz.BuildingBlocks.Tests", "tests\FlurNetz.BuildingBlocks.Tests\FlurNetz.BuildingBlocks.Tests.csproj", "{45CDA7FA-A1AE-4CCB-84EC-D68F232FDA9E}"
EndProject
Project("{FAE04EC0-301F-11D3-BF4B-00C04F79EFBC}") = "FlurNetz.Architecture.Tests", "tests\FlurNetz.Architecture.Tests\FlurNetz.Architecture.Tests.csproj", "{88E7DEA7-5315-4064-A213-464F9190EB08}"
EndProject
Project("{FAE04EC0-301F-11D3-BF4B-00C04F79EFBC}") = "FlurNetz.Persistence.Tests", "tests\FlurNetz.Persistence.Tests\FlurNetz.Persistence.Tests.csproj", "{B2D9E5A4-768C-49B4-8C53-2F1FA0D39B81}"
EndProject
Project("{FAE04EC0-301F-11D3-BF4B-00C04F79EFBC}") = "FlurNetz.Persistence.IntegrationTests", "tests\FlurNetz.Persistence.IntegrationTests\FlurNetz.Persistence.IntegrationTests.csproj", "{C7B1A6D3-3F9E-4D21-A869-5A2E7B0C4F16}"
EndProject
Project("{FAE04EC0-301F-11D3-BF4B-00C04F79EFBC}") = "FlurNetz.Messaging", "src\FlurNetz.Messaging\FlurNetz.Messaging.csproj", "{D8E7F6A5-B4C3-4D2E-91F0-1234567890AB}"
EndProject
Project("{FAE04EC0-301F-11D3-BF4B-00C04F79EFBC}") = "FlurNetz.Messaging.Tests", "tests\FlurNetz.Messaging.Tests\FlurNetz.Messaging.Tests.csproj", "{E9F8A7B6-C5D4-4E3F-A102-2345678901BC}"
EndProject
Project("{FAE04EC0-301F-11D3-BF4B-00C04F79EFBC}") = "FlurNetz.Messaging.IntegrationTests", "tests\FlurNetz.Messaging.IntegrationTests\FlurNetz.Messaging.IntegrationTests.csproj", "{F0A9B8C7-D6E5-4F40-B213-3456789012CD}"
EndProject
Project("{2150E333-8FDC-42A3-9474-1A3956D46DE8}") = "Modules", "Modules", "{EC447DCF-ABFA-6E24-52A5-D7FD48A5C558}"
EndProject
Project("{2150E333-8FDC-42A3-9474-1A3956D46DE8}") = "Identity", "Identity", "{0EC62A1A-9858-3A60-8A0C-FC9AACFA2EC7}"
EndProject
Project("{FAE04EC0-301F-11D3-BF4B-00C04F79EFBC}") = "FlurNetz.Modules.Identity.Contracts", "src\FlurNetz.Modules.Identity.Contracts\FlurNetz.Modules.Identity.Contracts.csproj", "{8FA47750-0F71-4EE3-961D-F2C70CF0DBAE}"
EndProject
Project("{FAE04EC0-301F-11D3-BF4B-00C04F79EFBC}") = "FlurNetz.Modules.Identity", "src\FlurNetz.Modules.Identity\FlurNetz.Modules.Identity.csproj", "{2B21B761-062D-4C9E-8A22-C392AE4C4C0C}"
EndProject
Project("{2150E333-8FDC-42A3-9474-1A3956D46DE8}") = "Engagement", "Engagement", "{C76582E6-A4E5-4FDB-3F9D-04D42A1C8EEB}"
EndProject
Project("{FAE04EC0-301F-11D3-BF4B-00C04F79EFBC}") = "FlurNetz.Modules.Engagement.Contracts", "src\FlurNetz.Modules.Engagement.Contracts\FlurNetz.Modules.Engagement.Contracts.csproj", "{FE20B45E-E748-464C-8BE7-9C8D2CA66D32}"
EndProject
Project("{FAE04EC0-301F-11D3-BF4B-00C04F79EFBC}") = "FlurNetz.Modules.Engagement", "src\FlurNetz.Modules.Engagement\FlurNetz.Modules.Engagement.csproj", "{A5718201-3E0F-4DD0-A086-B47C59EDF2EA}"
EndProject
Project("{2150E333-8FDC-42A3-9474-1A3956D46DE8}") = "Progression", "Progression", "{73827E89-480D-51DF-E530-D22C9C063B81}"
EndProject
Project("{FAE04EC0-301F-11D3-BF4B-00C04F79EFBC}") = "FlurNetz.Modules.Progression.Contracts", "src\FlurNetz.Modules.Progression.Contracts\FlurNetz.Modules.Progression.Contracts.csproj", "{2C8A15A2-2A3A-44F3-A99E-941683BC7563}"
EndProject
Project("{FAE04EC0-301F-11D3-BF4B-00C04F79EFBC}") = "FlurNetz.Modules.Progression", "src\FlurNetz.Modules.Progression\FlurNetz.Modules.Progression.csproj", "{3C4FCA10-A83A-412D-8EA5-67F310A5234F}"
EndProject
Project("{2150E333-8FDC-42A3-9474-1A3956D46DE8}") = "Economy", "Economy", "{FF9B44C8-2461-63A0-7A93-9FA943E63718}"
EndProject
Project("{FAE04EC0-301F-11D3-BF4B-00C04F79EFBC}") = "FlurNetz.Modules.Economy.Contracts", "src\FlurNetz.Modules.Economy.Contracts\FlurNetz.Modules.Economy.Contracts.csproj", "{144136D0-ACB5-40D9-ABE8-564DEFD73162}"
EndProject
Project("{FAE04EC0-301F-11D3-BF4B-00C04F79EFBC}") = "FlurNetz.Modules.Economy", "src\FlurNetz.Modules.Economy\FlurNetz.Modules.Economy.csproj", "{B5C6B9D0-AEA3-4546-B3B2-46C0C4A06E81}"
EndProject
Project("{2150E333-8FDC-42A3-9474-1A3956D46DE8}") = "Rewards", "Rewards", "{4A9103E6-A53B-0BE2-6E2B-75810FC2D508}"
EndProject
Project("{FAE04EC0-301F-11D3-BF4B-00C04F79EFBC}") = "FlurNetz.Modules.Rewards.Contracts", "src\FlurNetz.Modules.Rewards.Contracts\FlurNetz.Modules.Rewards.Contracts.csproj", "{98DADBF2-9C0B-4DFB-BF59-C33DEDDB64CD}"
EndProject
Project("{FAE04EC0-301F-11D3-BF4B-00C04F79EFBC}") = "FlurNetz.Modules.Rewards", "src\FlurNetz.Modules.Rewards\FlurNetz.Modules.Rewards.csproj", "{4AA6DCC7-215F-4A3A-8AA3-F8267155E860}"
EndProject
Project("{2150E333-8FDC-42A3-9474-1A3956D46DE8}") = "Inventory", "Inventory", "{18C073E0-6CB1-4693-3636-BFEE619A6192}"
EndProject
Project("{FAE04EC0-301F-11D3-BF4B-00C04F79EFBC}") = "FlurNetz.Modules.Inventory.Contracts", "src\FlurNetz.Modules.Inventory.Contracts\FlurNetz.Modules.Inventory.Contracts.csproj", "{5E85B2CA-4772-422B-B6B8-BBC789FDFC2C}"
EndProject
Project("{FAE04EC0-301F-11D3-BF4B-00C04F79EFBC}") = "FlurNetz.Modules.Inventory", "src\FlurNetz.Modules.Inventory\FlurNetz.Modules.Inventory.csproj", "{8CF3B11F-7193-4BEF-BE4A-EA8E709B7887}"
EndProject
Project("{2150E333-8FDC-42A3-9474-1A3956D46DE8}") = "Titles", "Titles", "{9BEF3022-8F32-75D2-CECD-C5B52145A37A}"
EndProject
Project("{FAE04EC0-301F-11D3-BF4B-00C04F79EFBC}") = "FlurNetz.Modules.Titles.Contracts", "src\FlurNetz.Modules.Titles.Contracts\FlurNetz.Modules.Titles.Contracts.csproj", "{543893F2-64D8-4E0E-BF12-36F7EF9823D2}"
EndProject
Project("{FAE04EC0-301F-11D3-BF4B-00C04F79EFBC}") = "FlurNetz.Modules.Titles", "src\FlurNetz.Modules.Titles\FlurNetz.Modules.Titles.csproj", "{863AF851-5958-496C-BC16-8B9CEE2ACD8D}"
EndProject
Project("{2150E333-8FDC-42A3-9474-1A3956D46DE8}") = "Achievements", "Achievements", "{95DAE0F7-5228-FBA5-1541-68C30582DFF6}"
EndProject
Project("{FAE04EC0-301F-11D3-BF4B-00C04F79EFBC}") = "FlurNetz.Modules.Achievements.Contracts", "src\FlurNetz.Modules.Achievements.Contracts\FlurNetz.Modules.Achievements.Contracts.csproj", "{E226313B-4501-4006-A41D-87FEF3DCB722}"
EndProject
Project("{FAE04EC0-301F-11D3-BF4B-00C04F79EFBC}") = "FlurNetz.Modules.Achievements", "src\FlurNetz.Modules.Achievements\FlurNetz.Modules.Achievements.csproj", "{8730CDF5-16B5-43E5-8E8C-0CDC232C3297}"
EndProject
Project("{2150E333-8FDC-42A3-9474-1A3956D46DE8}") = "Shop", "Shop", "{27C1F67A-87C5-D60A-5295-CB8BC6EBD220}"
EndProject
Project("{FAE04EC0-301F-11D3-BF4B-00C04F79EFBC}") = "FlurNetz.Modules.Shop.Contracts", "src\FlurNetz.Modules.Shop.Contracts\FlurNetz.Modules.Shop.Contracts.csproj", "{4EAC48A8-DF5D-4473-B5D7-BB1EC6552558}"
EndProject
Project("{FAE04EC0-301F-11D3-BF4B-00C04F79EFBC}") = "FlurNetz.Modules.Shop", "src\FlurNetz.Modules.Shop\FlurNetz.Modules.Shop.csproj", "{C50BEE78-00FB-4ACD-A138-CCBF32C0253A}"
EndProject
Project("{2150E333-8FDC-42A3-9474-1A3956D46DE8}") = "Notifications", "Notifications", "{DE9DAF8A-E684-0FD3-FFDC-40D3E3158533}"
EndProject
Project("{FAE04EC0-301F-11D3-BF4B-00C04F79EFBC}") = "FlurNetz.Modules.Notifications.Contracts", "src\FlurNetz.Modules.Notifications.Contracts\FlurNetz.Modules.Notifications.Contracts.csproj", "{84538E96-E88C-4DE6-84E8-EABC7027506C}"
EndProject
Project("{FAE04EC0-301F-11D3-BF4B-00C04F79EFBC}") = "FlurNetz.Modules.Notifications", "src\FlurNetz.Modules.Notifications\FlurNetz.Modules.Notifications.csproj", "{979519A8-2964-4BF7-ADFA-4EAA5A40B3F3}"
EndProject
Project("{2150E333-8FDC-42A3-9474-1A3956D46DE8}") = "Automation", "Automation", "{B163681E-2375-F1BE-DBC0-036D600CF718}"
EndProject
Project("{FAE04EC0-301F-11D3-BF4B-00C04F79EFBC}") = "FlurNetz.Modules.Automation.Contracts", "src\FlurNetz.Modules.Automation.Contracts\FlurNetz.Modules.Automation.Contracts.csproj", "{59969437-04DB-4816-8B0E-FB2280BC4CC4}"
EndProject
Project("{FAE04EC0-301F-11D3-BF4B-00C04F79EFBC}") = "FlurNetz.Modules.Automation", "src\FlurNetz.Modules.Automation\FlurNetz.Modules.Automation.csproj", "{AFE31A51-D826-4CB8-81EE-4D524584B985}"
EndProject
Project("{2150E333-8FDC-42A3-9474-1A3956D46DE8}") = "Overlay", "Overlay", "{05DB06A9-3D96-E6C9-493D-F03E9EBDBABF}"
EndProject
Project("{FAE04EC0-301F-11D3-BF4B-00C04F79EFBC}") = "FlurNetz.Modules.Overlay.Contracts", "src\FlurNetz.Modules.Overlay.Contracts\FlurNetz.Modules.Overlay.Contracts.csproj", "{0A065A0F-064C-4FE9-9CD6-0ED09374B972}"
EndProject
Project("{FAE04EC0-301F-11D3-BF4B-00C04F79EFBC}") = "FlurNetz.Modules.Overlay", "src\FlurNetz.Modules.Overlay\FlurNetz.Modules.Overlay.csproj", "{2F888918-8122-481B-8F66-633DE8AC1537}"
EndProject
Project("{2150E333-8FDC-42A3-9474-1A3956D46DE8}") = "Integrations", "Integrations", "{56A9BAD2-594B-CDC5-4665-0B813A60D7CB}"
EndProject
Project("{FAE04EC0-301F-11D3-BF4B-00C04F79EFBC}") = "FlurNetz.Modules.Integrations.Contracts", "src\FlurNetz.Modules.Integrations.Contracts\FlurNetz.Modules.Integrations.Contracts.csproj", "{57F3CCB4-0479-455E-AB7E-B7DDFACACEC9}"
EndProject
Project("{FAE04EC0-301F-11D3-BF4B-00C04F79EFBC}") = "FlurNetz.Modules.Integrations", "src\FlurNetz.Modules.Integrations\FlurNetz.Modules.Integrations.csproj", "{7A4777E0-7290-4131-ABF8-7222264B40C4}"
EndProject
Project("{2150E333-8FDC-42A3-9474-1A3956D46DE8}") = "Administration", "Administration", "{CBFC7D09-D20A-3BD9-57E9-57A87E6AFCC2}"
EndProject
Project("{FAE04EC0-301F-11D3-BF4B-00C04F79EFBC}") = "FlurNetz.Modules.Administration.Contracts", "src\FlurNetz.Modules.Administration.Contracts\FlurNetz.Modules.Administration.Contracts.csproj", "{03A5D745-D814-4F6C-AF9B-4F541B0BB098}"
EndProject
Project("{FAE04EC0-301F-11D3-BF4B-00C04F79EFBC}") = "FlurNetz.Modules.Administration", "src\FlurNetz.Modules.Administration\FlurNetz.Modules.Administration.csproj", "{CA0F1E19-26AA-4065-BA7B-AAF36E49E1BD}"
EndProject
Project("{FAE04EC0-301F-11D3-BF4B-00C04F79EFBC}") = "FlurNetz.Modules.Identity.Tests", "tests\FlurNetz.Modules.Identity.Tests\FlurNetz.Modules.Identity.Tests.csproj", "{DA219ACF-2775-4439-920A-1E4FD917381E}"
EndProject
Project("{FAE04EC0-301F-11D3-BF4B-00C04F79EFBC}") = "FlurNetz.Modules.Identity.IntegrationTests", "tests\FlurNetz.Modules.Identity.IntegrationTests\FlurNetz.Modules.Identity.IntegrationTests.csproj", "{581AEDC9-940F-460E-88AA-5448F834905B}"
EndProject
Project("{FAE04EC0-301F-11D3-BF4B-00C04F79EFBC}") = "FlurNetz.Modules.Engagement.Tests", "tests\FlurNetz.Modules.Engagement.Tests\FlurNetz.Modules.Engagement.Tests.csproj", "{F0277CD3-4FBB-4FFE-9844-1468E9FB0103}"
EndProject
Project("{FAE04EC0-301F-11D3-BF4B-00C04F79EFBC}") = "FlurNetz.Modules.Progression.Tests", "tests\FlurNetz.Modules.Progression.Tests\FlurNetz.Modules.Progression.Tests.csproj", "{5A25787F-1637-4116-AB4B-8D5927961631}"
EndProject
Project("{FAE04EC0-301F-11D3-BF4B-00C04F79EFBC}") = "FlurNetz.Modules.Economy.Tests", "tests\FlurNetz.Modules.Economy.Tests\FlurNetz.Modules.Economy.Tests.csproj", "{63971026-93E3-446E-A3BA-CBA9344F5706}"
EndProject
Project("{FAE04EC0-301F-11D3-BF4B-00C04F79EFBC}") = "FlurNetz.Modules.Rewards.Tests", "tests\FlurNetz.Modules.Rewards.Tests\FlurNetz.Modules.Rewards.Tests.csproj", "{2E219C13-1C2E-4D0A-A736-929DA3751738}"
EndProject
Project("{FAE04EC0-301F-11D3-BF4B-00C04F79EFBC}") = "FlurNetz.Modules.Inventory.Tests", "tests\FlurNetz.Modules.Inventory.Tests\FlurNetz.Modules.Inventory.Tests.csproj", "{0DDAC0F0-66DB-40EE-A00B-E40AE7386F14}"
EndProject
Project("{FAE04EC0-301F-11D3-BF4B-00C04F79EFBC}") = "FlurNetz.Modules.Titles.Tests", "tests\FlurNetz.Modules.Titles.Tests\FlurNetz.Modules.Titles.Tests.csproj", "{E2F74494-CB8C-40B2-A459-7D5EFCD66D40}"
EndProject
Project("{FAE04EC0-301F-11D3-BF4B-00C04F79EFBC}") = "FlurNetz.Modules.Achievements.Tests", "tests\FlurNetz.Modules.Achievements.Tests\FlurNetz.Modules.Achievements.Tests.csproj", "{C4C704B1-EFC2-491E-AE1B-67366CE82E68}"
EndProject
Project("{FAE04EC0-301F-11D3-BF4B-00C04F79EFBC}") = "FlurNetz.Modules.Shop.Tests", "tests\FlurNetz.Modules.Shop.Tests\FlurNetz.Modules.Shop.Tests.csproj", "{CA7655F7-9A78-4485-B835-E4F337BB7E16}"
EndProject
Project("{FAE04EC0-301F-11D3-BF4B-00C04F79EFBC}") = "FlurNetz.Modules.Notifications.Tests", "tests\FlurNetz.Modules.Notifications.Tests\FlurNetz.Modules.Notifications.Tests.csproj", "{7BFAFF61-F8F6-471E-920B-5E8FD75B552F}"
EndProject
Project("{FAE04EC0-301F-11D3-BF4B-00C04F79EFBC}") = "FlurNetz.Modules.Automation.Tests", "tests\FlurNetz.Modules.Automation.Tests\FlurNetz.Modules.Automation.Tests.csproj", "{D4A27EF7-7DE0-420C-BC03-9CF747E0B0B2}"
EndProject
Project("{FAE04EC0-301F-11D3-BF4B-00C04F79EFBC}") = "FlurNetz.Modules.Overlay.Tests", "tests\FlurNetz.Modules.Overlay.Tests\FlurNetz.Modules.Overlay.Tests.csproj", "{6F5E8116-F2A5-42E0-B0A9-A189FF18D5D4}"
EndProject
Project("{FAE04EC0-301F-11D3-BF4B-00C04F79EFBC}") = "FlurNetz.Modules.Integrations.Tests", "tests\FlurNetz.Modules.Integrations.Tests\FlurNetz.Modules.Integrations.Tests.csproj", "{E20FB219-E103-4B90-96C5-517AEEB0BF12}"
EndProject
Project("{FAE04EC0-301F-11D3-BF4B-00C04F79EFBC}") = "FlurNetz.Modules.Administration.Tests", "tests\FlurNetz.Modules.Administration.Tests\FlurNetz.Modules.Administration.Tests.csproj", "{D0D7F89E-8C42-47B2-ADC5-8EEA12FB5DC3}"
EndProject
Project("{FAE04EC0-301F-11D3-BF4B-00C04F79EFBC}") = "FlurNetz.Api", "src\FlurNetz.Api\FlurNetz.Api.csproj", "{96DB11E8-5778-4D81-A80E-76DEC722B34C}"
EndProject
Project("{FAE04EC0-301F-11D3-BF4B-00C04F79EFBC}") = "FlurNetz.Api.IntegrationTests", "tests\FlurNetz.Api.IntegrationTests\FlurNetz.Api.IntegrationTests.csproj", "{AC0183CB-BEB8-4B5A-9D87-D0EE65238A8A}"
EndProject
Project("{FAE04EC0-301F-11D3-BF4B-00C04F79EFBC}") = "FlurNetz.Modules.Engagement.IntegrationTests", "tests\FlurNetz.Modules.Engagement.IntegrationTests\FlurNetz.Modules.Engagement.IntegrationTests.csproj", "{6D6EEAEB-274B-48F1-BC23-894B97D2453C}"
EndProject
Project("{FAE04EC0-301F-11D3-BF4B-00C04F79EFBC}") = "FlurNetz.Modules.Progression.IntegrationTests", "tests\FlurNetz.Modules.Progression.IntegrationTests\FlurNetz.Modules.Progression.IntegrationTests.csproj", "{CAA36E39-C565-4FCE-9781-C099C2FA7E5A}"
EndProject
Project("{FAE04EC0-301F-11D3-BF4B-00C04F79EFBC}") = "FlurNetz.Workflows.IntegrationTests", "tests\FlurNetz.Workflows.IntegrationTests\FlurNetz.Workflows.IntegrationTests.csproj", "{9A272BAD-2331-43D8-BF5A-7189DF890A94}"
EndProject
Project("{FAE04EC0-301F-11D3-BF4B-00C04F79EFBC}") = "FlurNetz.Worker", "src\FlurNetz.Worker\FlurNetz.Worker.csproj", "{B28E1A3D-BD9D-40A6-BB08-DF38861A1CEB}"
EndProject
Project("{FAE04EC0-301F-11D3-BF4B-00C04F79EFBC}") = "FlurNetz.Worker.IntegrationTests", "tests\FlurNetz.Worker.IntegrationTests\FlurNetz.Worker.IntegrationTests.csproj", "{5E8DE54B-7E12-4CED-8116-886DC4ACB1EC}"
EndProject
Project("{FAE04EC0-301F-11D3-BF4B-00C04F79EFBC}") = "FlurNetz.Modules.Economy.IntegrationTests", "tests\FlurNetz.Modules.Economy.IntegrationTests\FlurNetz.Modules.Economy.IntegrationTests.csproj", "{F04B9C9F-2EA2-408D-BECC-FBE99B019AC5}"
EndProject
Project("{FAE04EC0-301F-11D3-BF4B-00C04F79EFBC}") = "FlurNetz.Modules.Rewards.IntegrationTests", "tests\FlurNetz.Modules.Rewards.IntegrationTests\FlurNetz.Modules.Rewards.IntegrationTests.csproj", "{F2558564-754B-4831-AD0C-C0AF279C3518}"
EndProject
Project("{FAE04EC0-301F-11D3-BF4B-00C04F79EFBC}") = "FlurNetz.Modules.Inventory.IntegrationTests", "tests\FlurNetz.Modules.Inventory.IntegrationTests\FlurNetz.Modules.Inventory.IntegrationTests.csproj", "{342BAE30-1271-463D-A591-4EC4C26B3CF2}"
EndProject
Project("{FAE04EC0-301F-11D3-BF4B-00C04F79EFBC}") = "FlurNetz.Modules.Titles.IntegrationTests", "tests\FlurNetz.Modules.Titles.IntegrationTests\FlurNetz.Modules.Titles.IntegrationTests.csproj", "{2625428F-D07A-42B3-884B-8A575BA86E34}"
EndProject
Project("{FAE04EC0-301F-11D3-BF4B-00C04F79EFBC}") = "FlurNetz.Modules.Achievements.IntegrationTests", "tests\FlurNetz.Modules.Achievements.IntegrationTests\FlurNetz.Modules.Achievements.IntegrationTests.csproj", "{764185F6-8626-41E0-A423-ABBF91273E18}"
EndProject
Project("{FAE04EC0-301F-11D3-BF4B-00C04F79EFBC}") = "FlurNetz.Modules.Shop.IntegrationTests", "tests\FlurNetz.Modules.Shop.IntegrationTests\FlurNetz.Modules.Shop.IntegrationTests.csproj", "{B2F3F09E-BC92-4CB8-8334-A6B32DAD5070}"
EndProject
Project("{FAE04EC0-301F-11D3-BF4B-00C04F79EFBC}") = "FlurNetz.Modules.Notifications.IntegrationTests", "tests\FlurNetz.Modules.Notifications.IntegrationTests\FlurNetz.Modules.Notifications.IntegrationTests.csproj", "{A1B2C3D4-E5F6-47A8-9B0C-1234567890DE}"
EndProject
Project("{FAE04EC0-301F-11D3-BF4B-00C04F79EFBC}") = "FlurNetz.Modules.Automation.IntegrationTests", "tests\FlurNetz.Modules.Automation.IntegrationTests\FlurNetz.Modules.Automation.IntegrationTests.csproj", "{13CD3A89-9E27-4C0E-87C9-E8FE1330D0BF}"
EndProject
Project("{FAE04EC0-301F-11D3-BF4B-00C04F79EFBC}") = "FlurNetz.Modules.Overlay.IntegrationTests", "tests\FlurNetz.Modules.Overlay.IntegrationTests\FlurNetz.Modules.Overlay.IntegrationTests.csproj", "{FA7EFEE2-891A-499A-8E8D-AD49022931B4}"
EndProject
Project("{FAE04EC0-301F-11D3-BF4B-00C04F79EFBC}") = "FlurNetz.Modules.Integrations.IntegrationTests", "tests\FlurNetz.Modules.Integrations.IntegrationTests\FlurNetz.Modules.Integrations.IntegrationTests.csproj", "{2144EB9E-17DC-4805-8A2D-61693E2A1163}"
EndProject
Project("{FAE04EC0-301F-11D3-BF4B-00C04F79EFBC}") = "FlurNetz.Modules.Administration.IntegrationTests", "tests\FlurNetz.Modules.Administration.IntegrationTests\FlurNetz.Modules.Administration.IntegrationTests.csproj", "{3CA2DA19-CE03-412A-9932-1A405B1956B1}"
EndProject
Global
	GlobalSection(SolutionConfigurationPlatforms) = preSolution
		Debug|Any CPU = Debug|Any CPU
		Debug|x64 = Debug|x64
		Debug|x86 = Debug|x86
		Release|Any CPU = Release|Any CPU
		Release|x64 = Release|x64
		Release|x86 = Release|x86
	EndGlobalSection
	GlobalSection(ProjectConfigurationPlatforms) = postSolution
		{ED1DF170-257D-4C00-866E-B6A4511ACEF3}.Debug|Any CPU.ActiveCfg = Debug|Any CPU
		{ED1DF170-257D-4C00-866E-B6A4511ACEF3}.Debug|Any CPU.Build.0 = Debug|Any CPU
		{ED1DF170-257D-4C00-866E-B6A4511ACEF3}.Debug|x64.ActiveCfg = Debug|Any CPU
		{ED1DF170-257D-4C00-866E-B6A4511ACEF3}.Debug|x64.Build.0 = Debug|Any CPU
		{ED1DF170-257D-4C00-866E-B6A4511ACEF3}.Debug|x86.ActiveCfg = Debug|Any CPU
		{ED1DF170-257D-4C00-866E-B6A4511ACEF3}.Debug|x86.Build.0 = Debug|Any CPU
		{ED1DF170-257D-4C00-866E-B6A4511ACEF3}.Release|Any CPU.ActiveCfg = Release|Any CPU
		{ED1DF170-257D-4C00-866E-B6A4511ACEF3}.Release|Any CPU.Build.0 = Release|Any CPU
		{ED1DF170-257D-4C00-866E-B6A4511ACEF3}.Release|x64.ActiveCfg = Release|Any CPU
		{ED1DF170-257D-4C00-866E-B6A4511ACEF3}.Release|x64.Build.0 = Release|Any CPU
		{ED1DF170-257D-4C00-866E-B6A4511ACEF3}.Release|x86.ActiveCfg = Release|Any CPU
		{ED1DF170-257D-4C00-866E-B6A4511ACEF3}.Release|x86.Build.0 = Release|Any CPU
		{515A9E4E-A90F-44DD-B96D-B726D6CC0514}.Debug|Any CPU.ActiveCfg = Debug|Any CPU
		{515A9E4E-A90F-44DD-B96D-B726D6CC0514}.Debug|Any CPU.Build.0 = Debug|Any CPU
		{515A9E4E-A90F-44DD-B96D-B726D6CC0514}.Debug|x64.ActiveCfg = Debug|Any CPU
		{515A9E4E-A90F-44DD-B96D-B726D6CC0514}.Debug|x64.Build.0 = Debug|Any CPU
		{515A9E4E-A90F-44DD-B96D-B726D6CC0514}.Debug|x86.ActiveCfg = Debug|Any CPU
		{515A9E4E-A90F-44DD-B96D-B726D6CC0514}.Debug|x86.Build.0 = Debug|Any CPU
		{515A9E4E-A90F-44DD-B96D-B726D6CC0514}.Release|Any CPU.ActiveCfg = Release|Any CPU
		{515A9E4E-A90F-44DD-B96D-B726D6CC0514}.Release|Any CPU.Build.0 = Release|Any CPU
		{515A9E4E-A90F-44DD-B96D-B726D6CC0514}.Release|x64.ActiveCfg = Release|Any CPU
		{515A9E4E-A90F-44DD-B96D-B726D6CC0514}.Release|x64.Build.0 = Release|Any CPU
		{515A9E4E-A90F-44DD-B96D-B726D6CC0514}.Release|x86.ActiveCfg = Release|Any CPU
		{515A9E4E-A90F-44DD-B96D-B726D6CC0514}.Release|x86.Build.0 = Release|Any CPU
		{A5E4C2B8-6F31-4F7B-9B7E-1D4C918B2E50}.Debug|Any CPU.ActiveCfg = Debug|Any CPU
		{A5E4C2B8-6F31-4F7B-9B7E-1D4C918B2E50}.Debug|Any CPU.Build.0 = Debug|Any CPU
		{A5E4C2B8-6F31-4F7B-9B7E-1D4C918B2E50}.Debug|x64.ActiveCfg = Debug|Any CPU
		{A5E4C2B8-6F31-4F7B-9B7E-1D4C918B2E50}.Debug|x64.Build.0 = Debug|Any CPU
		{A5E4C2B8-6F31-4F7B-9B7E-1D4C918B2E50}.Debug|x86.ActiveCfg = Debug|Any CPU
		{A5E4C2B8-6F31-4F7B-9B7E-1D4C918B2E50}.Debug|x86.Build.0 = Debug|Any CPU
		{A5E4C2B8-6F31-4F7B-9B7E-1D4C918B2E50}.Release|Any CPU.ActiveCfg = Release|Any CPU
		{A5E4C2B8-6F31-4F7B-9B7E-1D4C918B2E50}.Release|Any CPU.Build.0 = Release|Any CPU
		{A5E4C2B8-6F31-4F7B-9B7E-1D4C918B2E50}.Release|x64.ActiveCfg = Release|Any CPU
		{A5E4C2B8-6F31-4F7B-9B7E-1D4C918B2E50}.Release|x64.Build.0 = Release|Any CPU
		{A5E4C2B8-6F31-4F7B-9B7E-1D4C918B2E50}.Release|x86.ActiveCfg = Release|Any CPU
		{A5E4C2B8-6F31-4F7B-9B7E-1D4C918B2E50}.Release|x86.Build.0 = Release|Any CPU
		{45CDA7FA-A1AE-4CCB-84EC-D68F232FDA9E}.Debug|Any CPU.ActiveCfg = Debug|Any CPU
		{45CDA7FA-A1AE-4CCB-84EC-D68F232FDA9E}.Debug|Any CPU.Build.0 = Debug|Any CPU
		{45CDA7FA-A1AE-4CCB-84EC-D68F232FDA9E}.Debug|x64.ActiveCfg = Debug|Any CPU
		{45CDA7FA-A1AE-4CCB-84EC-D68F232FDA9E}.Debug|x64.Build.0 = Debug|Any CPU
		{45CDA7FA-A1AE-4CCB-84EC-D68F232FDA9E}.Debug|x86.ActiveCfg = Debug|Any CPU
		{45CDA7FA-A1AE-4CCB-84EC-D68F232FDA9E}.Debug|x86.Build.0 = Debug|Any CPU
		{45CDA7FA-A1AE-4CCB-84EC-D68F232FDA9E}.Release|Any CPU.ActiveCfg = Release|Any CPU
		{45CDA7FA-A1AE-4CCB-84EC-D68F232FDA9E}.Release|Any CPU.Build.0 = Release|Any CPU
		{45CDA7FA-A1AE-4CCB-84EC-D68F232FDA9E}.Release|x64.ActiveCfg = Release|Any CPU
		{45CDA7FA-A1AE-4CCB-84EC-D68F232FDA9E}.Release|x64.Build.0 = Release|Any CPU
		{45CDA7FA-A1AE-4CCB-84EC-D68F232FDA9E}.Release|x86.ActiveCfg = Release|Any CPU
		{45CDA7FA-A1AE-4CCB-84EC-D68F232FDA9E}.Release|x86.Build.0 = Release|Any CPU
		{88E7DEA7-5315-4064-A213-464F9190EB08}.Debug|Any CPU.ActiveCfg = Debug|Any CPU
		{88E7DEA7-5315-4064-A213-464F9190EB08}.Debug|Any CPU.Build.0 = Debug|Any CPU
		{88E7DEA7-5315-4064-A213-464F9190EB08}.Debug|x64.ActiveCfg = Debug|Any CPU
		{88E7DEA7-5315-4064-A213-464F9190EB08}.Debug|x64.Build.0 = Debug|Any CPU
		{88E7DEA7-5315-4064-A213-464F9190EB08}.Debug|x86.ActiveCfg = Debug|Any CPU
		{88E7DEA7-5315-4064-A213-464F9190EB08}.Debug|x86.Build.0 = Debug|Any CPU
		{88E7DEA7-5315-4064-A213-464F9190EB08}.Release|Any CPU.ActiveCfg = Release|Any CPU
		{88E7DEA7-5315-4064-A213-464F9190EB08}.Release|Any CPU.Build.0 = Release|Any CPU
		{88E7DEA7-5315-4064-A213-464F9190EB08}.Release|x64.ActiveCfg = Release|Any CPU
		{88E7DEA7-5315-4064-A213-464F9190EB08}.Release|x64.Build.0 = Release|Any CPU
		{88E7DEA7-5315-4064-A213-464F9190EB08}.Release|x86.ActiveCfg = Release|Any CPU
		{88E7DEA7-5315-4064-A213-464F9190EB08}.Release|x86.Build.0 = Release|Any CPU
		{B2D9E5A4-768C-49B4-8C53-2F1FA0D39B81}.Debug|Any CPU.ActiveCfg = Debug|Any CPU
		{B2D9E5A4-768C-49B4-8C53-2F1FA0D39B81}.Debug|Any CPU.Build.0 = Debug|Any CPU
		{B2D9E5A4-768C-49B4-8C53-2F1FA0D39B81}.Debug|x64.ActiveCfg = Debug|Any CPU
		{B2D9E5A4-768C-49B4-8C53-2F1FA0D39B81}.Debug|x64.Build.0 = Debug|Any CPU
		{B2D9E5A4-768C-49B4-8C53-2F1FA0D39B81}.Debug|x86.ActiveCfg = Debug|Any CPU
		{B2D9E5A4-768C-49B4-8C53-2F1FA0D39B81}.Debug|x86.Build.0 = Debug|Any CPU
		{B2D9E5A4-768C-49B4-8C53-2F1FA0D39B81}.Release|Any CPU.ActiveCfg = Release|Any CPU
		{B2D9E5A4-768C-49B4-8C53-2F1FA0D39B81}.Release|Any CPU.Build.0 = Release|Any CPU
		{B2D9E5A4-768C-49B4-8C53-2F1FA0D39B81}.Release|x64.ActiveCfg = Release|Any CPU
		{B2D9E5A4-768C-49B4-8C53-2F1FA0D39B81}.Release|x64.Build.0 = Release|Any CPU
		{B2D9E5A4-768C-49B4-8C53-2F1FA0D39B81}.Release|x86.ActiveCfg = Release|Any CPU
		{B2D9E5A4-768C-49B4-8C53-2F1FA0D39B81}.Release|x86.Build.0 = Release|Any CPU
		{C7B1A6D3-3F9E-4D21-A869-5A2E7B0C4F16}.Debug|Any CPU.ActiveCfg = Debug|Any CPU
		{C7B1A6D3-3F9E-4D21-A869-5A2E7B0C4F16}.Debug|Any CPU.Build.0 = Debug|Any CPU
		{C7B1A6D3-3F9E-4D21-A869-5A2E7B0C4F16}.Debug|x64.ActiveCfg = Debug|Any CPU
		{C7B1A6D3-3F9E-4D21-A869-5A2E7B0C4F16}.Debug|x64.Build.0 = Debug|Any CPU
		{C7B1A6D3-3F9E-4D21-A869-5A2E7B0C4F16}.Debug|x86.ActiveCfg = Debug|Any CPU
		{C7B1A6D3-3F9E-4D21-A869-5A2E7B0C4F16}.Debug|x86.Build.0 = Debug|Any CPU
		{C7B1A6D3-3F9E-4D21-A869-5A2E7B0C4F16}.Release|Any CPU.ActiveCfg = Release|Any CPU
		{C7B1A6D3-3F9E-4D21-A869-5A2E7B0C4F16}.Release|Any CPU.Build.0 = Release|Any CPU
		{C7B1A6D3-3F9E-4D21-A869-5A2E7B0C4F16}.Release|x64.ActiveCfg = Release|Any CPU
		{C7B1A6D3-3F9E-4D21-A869-5A2E7B0C4F16}.Release|x64.Build.0 = Release|Any CPU
		{C7B1A6D3-3F9E-4D21-A869-5A2E7B0C4F16}.Release|x86.ActiveCfg = Release|Any CPU
		{C7B1A6D3-3F9E-4D21-A869-5A2E7B0C4F16}.Release|x86.Build.0 = Release|Any CPU
		{D8E7F6A5-B4C3-4D2E-91F0-1234567890AB}.Debug|Any CPU.ActiveCfg = Debug|Any CPU
		{D8E7F6A5-B4C3-4D2E-91F0-1234567890AB}.Debug|Any CPU.Build.0 = Debug|Any CPU
		{D8E7F6A5-B4C3-4D2E-91F0-1234567890AB}.Debug|x64.ActiveCfg = Debug|Any CPU
		{D8E7F6A5-B4C3-4D2E-91F0-1234567890AB}.Debug|x64.Build.0 = Debug|Any CPU
		{D8E7F6A5-B4C3-4D2E-91F0-1234567890AB}.Debug|x86.ActiveCfg = Debug|Any CPU
		{D8E7F6A5-B4C3-4D2E-91F0-1234567890AB}.Debug|x86.Build.0 = Debug|Any CPU
		{D8E7F6A5-B4C3-4D2E-91F0-1234567890AB}.Release|Any CPU.ActiveCfg = Release|Any CPU
		{D8E7F6A5-B4C3-4D2E-91F0-1234567890AB}.Release|Any CPU.Build.0 = Release|Any CPU
		{D8E7F6A5-B4C3-4D2E-91F0-1234567890AB}.Release|x64.ActiveCfg = Release|Any CPU
		{D8E7F6A5-B4C3-4D2E-91F0-1234567890AB}.Release|x64.Build.0 = Release|Any CPU
		{D8E7F6A5-B4C3-4D2E-91F0-1234567890AB}.Release|x86.ActiveCfg = Release|Any CPU
		{D8E7F6A5-B4C3-4D2E-91F0-1234567890AB}.Release|x86.Build.0 = Release|Any CPU
		{E9F8A7B6-C5D4-4E3F-A102-2345678901BC}.Debug|Any CPU.ActiveCfg = Debug|Any CPU
		{E9F8A7B6-C5D4-4E3F-A102-2345678901BC}.Debug|Any CPU.Build.0 = Debug|Any CPU
		{E9F8A7B6-C5D4-4E3F-A102-2345678901BC}.Debug|x64.ActiveCfg = Debug|Any CPU
		{E9F8A7B6-C5D4-4E3F-A102-2345678901BC}.Debug|x64.Build.0 = Debug|Any CPU
		{E9F8A7B6-C5D4-4E3F-A102-2345678901BC}.Debug|x86.ActiveCfg = Debug|Any CPU
		{E9F8A7B6-C5D4-4E3F-A102-2345678901BC}.Debug|x86.Build.0 = Debug|Any CPU
		{E9F8A7B6-C5D4-4E3F-A102-2345678901BC}.Release|Any CPU.ActiveCfg = Release|Any CPU
		{E9F8A7B6-C5D4-4E3F-A102-2345678901BC}.Release|Any CPU.Build.0 = Release|Any CPU
		{E9F8A7B6-C5D4-4E3F-A102-2345678901BC}.Release|x64.ActiveCfg = Release|Any CPU
		{E9F8A7B6-C5D4-4E3F-A102-2345678901BC}.Release|x64.Build.0 = Release|Any CPU
		{E9F8A7B6-C5D4-4E3F-A102-2345678901BC}.Release|x86.ActiveCfg = Release|Any CPU
		{E9F8A7B6-C5D4-4E3F-A102-2345678901BC}.Release|x86.Build.0 = Release|Any CPU
		{F0A9B8C7-D6E5-4F40-B213-3456789012CD}.Debug|Any CPU.ActiveCfg = Debug|Any CPU
		{F0A9B8C7-D6E5-4F40-B213-3456789012CD}.Debug|Any CPU.Build.0 = Debug|Any CPU
		{F0A9B8C7-D6E5-4F40-B213-3456789012CD}.Debug|x64.ActiveCfg = Debug|Any CPU
		{F0A9B8C7-D6E5-4F40-B213-3456789012CD}.Debug|x64.Build.0 = Debug|Any CPU
		{F0A9B8C7-D6E5-4F40-B213-3456789012CD}.Debug|x86.ActiveCfg = Debug|Any CPU
		{F0A9B8C7-D6E5-4F40-B213-3456789012CD}.Debug|x86.Build.0 = Debug|Any CPU
		{F0A9B8C7-D6E5-4F40-B213-3456789012CD}.Release|Any CPU.ActiveCfg = Release|Any CPU
		{F0A9B8C7-D6E5-4F40-B213-3456789012CD}.Release|Any CPU.Build.0 = Release|Any CPU
		{F0A9B8C7-D6E5-4F40-B213-3456789012CD}.Release|x64.ActiveCfg = Release|Any CPU
		{F0A9B8C7-D6E5-4F40-B213-3456789012CD}.Release|x64.Build.0 = Release|Any CPU
		{F0A9B8C7-D6E5-4F40-B213-3456789012CD}.Release|x86.ActiveCfg = Release|Any CPU
		{F0A9B8C7-D6E5-4F40-B213-3456789012CD}.Release|x86.Build.0 = Release|Any CPU
		{8FA47750-0F71-4EE3-961D-F2C70CF0DBAE}.Debug|Any CPU.ActiveCfg = Debug|Any CPU
		{8FA47750-0F71-4EE3-961D-F2C70CF0DBAE}.Debug|Any CPU.Build.0 = Debug|Any CPU
		{8FA47750-0F71-4EE3-961D-F2C70CF0DBAE}.Debug|x64.ActiveCfg = Debug|Any CPU
		{8FA47750-0F71-4EE3-961D-F2C70CF0DBAE}.Debug|x64.Build.0 = Debug|Any CPU
		{8FA47750-0F71-4EE3-961D-F2C70CF0DBAE}.Debug|x86.ActiveCfg = Debug|Any CPU
		{8FA47750-0F71-4EE3-961D-F2C70CF0DBAE}.Debug|x86.Build.0 = Debug|Any CPU
		{8FA47750-0F71-4EE3-961D-F2C70CF0DBAE}.Release|Any CPU.ActiveCfg = Release|Any CPU
		{8FA47750-0F71-4EE3-961D-F2C70CF0DBAE}.Release|Any CPU.Build.0 = Release|Any CPU
		{8FA47750-0F71-4EE3-961D-F2C70CF0DBAE}.Release|x64.ActiveCfg = Release|Any CPU
		{8FA47750-0F71-4EE3-961D-F2C70CF0DBAE}.Release|x64.Build.0 = Release|Any CPU
		{8FA47750-0F71-4EE3-961D-F2C70CF0DBAE}.Release|x86.ActiveCfg = Release|Any CPU
		{8FA47750-0F71-4EE3-961D-F2C70CF0DBAE}.Release|x86.Build.0 = Release|Any CPU
		{2B21B761-062D-4C9E-8A22-C392AE4C4C0C}.Debug|Any CPU.ActiveCfg = Debug|Any CPU
		{2B21B761-062D-4C9E-8A22-C392AE4C4C0C}.Debug|Any CPU.Build.0 = Debug|Any CPU
		{2B21B761-062D-4C9E-8A22-C392AE4C4C0C}.Debug|x64.ActiveCfg = Debug|Any CPU
		{2B21B761-062D-4C9E-8A22-C392AE4C4C0C}.Debug|x64.Build.0 = Debug|Any CPU
		{2B21B761-062D-4C9E-8A22-C392AE4C4C0C}.Debug|x86.ActiveCfg = Debug|Any CPU
		{2B21B761-062D-4C9E-8A22-C392AE4C4C0C}.Debug|x86.Build.0 = Debug|Any CPU
		{2B21B761-062D-4C9E-8A22-C392AE4C4C0C}.Release|Any CPU.ActiveCfg = Release|Any CPU
		{2B21B761-062D-4C9E-8A22-C392AE4C4C0C}.Release|Any CPU.Build.0 = Release|Any CPU
		{2B21B761-062D-4C9E-8A22-C392AE4C4C0C}.Release|x64.ActiveCfg = Release|Any CPU
		{2B21B761-062D-4C9E-8A22-C392AE4C4C0C}.Release|x64.Build.0 = Release|Any CPU
		{2B21B761-062D-4C9E-8A22-C392AE4C4C0C}.Release|x86.ActiveCfg = Release|Any CPU
		{2B21B761-062D-4C9E-8A22-C392AE4C4C0C}.Release|x86.Build.0 = Release|Any CPU
		{FE20B45E-E748-464C-8BE7-9C8D2CA66D32}.Debug|Any CPU.ActiveCfg = Debug|Any CPU
		{FE20B45E-E748-464C-8BE7-9C8D2CA66D32}.Debug|Any CPU.Build.0 = Debug|Any CPU
		{FE20B45E-E748-464C-8BE7-9C8D2CA66D32}.Debug|x64.ActiveCfg = Debug|Any CPU
		{FE20B45E-E748-464C-8BE7-9C8D2CA66D32}.Debug|x64.Build.0 = Debug|Any CPU
		{FE20B45E-E748-464C-8BE7-9C8D2CA66D32}.Debug|x86.ActiveCfg = Debug|Any CPU
		{FE20B45E-E748-464C-8BE7-9C8D2CA66D32}.Debug|x86.Build.0 = Debug|Any CPU
		{FE20B45E-E748-464C-8BE7-9C8D2CA66D32}.Release|Any CPU.ActiveCfg = Release|Any CPU
		{FE20B45E-E748-464C-8BE7-9C8D2CA66D32}.Release|Any CPU.Build.0 = Release|Any CPU
		{FE20B45E-E748-464C-8BE7-9C8D2CA66D32}.Release|x64.ActiveCfg = Release|Any CPU
		{FE20B45E-E748-464C-8BE7-9C8D2CA66D32}.Release|x64.Build.0 = Release|Any CPU
		{FE20B45E-E748-464C-8BE7-9C8D2CA66D32}.Release|x86.ActiveCfg = Release|Any CPU
		{FE20B45E-E748-464C-8BE7-9C8D2CA66D32}.Release|x86.Build.0 = Release|Any CPU
		{A5718201-3E0F-4DD0-A086-B47C59EDF2EA}.Debug|Any CPU.ActiveCfg = Debug|Any CPU
		{A5718201-3E0F-4DD0-A086-B47C59EDF2EA}.Debug|Any CPU.Build.0 = Debug|Any CPU
		{A5718201-3E0F-4DD0-A086-B47C59EDF2EA}.Debug|x64.ActiveCfg = Debug|Any CPU
		{A5718201-3E0F-4DD0-A086-B47C59EDF2EA}.Debug|x64.Build.0 = Debug|Any CPU
		{A5718201-3E0F-4DD0-A086-B47C59EDF2EA}.Debug|x86.ActiveCfg = Debug|Any CPU
		{A5718201-3E0F-4DD0-A086-B47C59EDF2EA}.Debug|x86.Build.0 = Debug|Any CPU
		{A5718201-3E0F-4DD0-A086-B47C59EDF2EA}.Release|Any CPU.ActiveCfg = Release|Any CPU
		{A5718201-3E0F-4DD0-A086-B47C59EDF2EA}.Release|Any CPU.Build.0 = Release|Any CPU
		{A5718201-3E0F-4DD0-A086-B47C59EDF2EA}.Release|x64.ActiveCfg = Release|Any CPU
		{A5718201-3E0F-4DD0-A086-B47C59EDF2EA}.Release|x64.Build.0 = Release|Any CPU
		{A5718201-3E0F-4DD0-A086-B47C59EDF2EA}.Release|x86.ActiveCfg = Release|Any CPU
		{A5718201-3E0F-4DD0-A086-B47C59EDF2EA}.Release|x86.Build.0 = Release|Any CPU
		{2C8A15A2-2A3A-44F3-A99E-941683BC7563}.Debug|Any CPU.ActiveCfg = Debug|Any CPU
		{2C8A15A2-2A3A-44F3-A99E-941683BC7563}.Debug|Any CPU.Build.0 = Debug|Any CPU
		{2C8A15A2-2A3A-44F3-A99E-941683BC7563}.Debug|x64.ActiveCfg = Debug|Any CPU
		{2C8A15A2-2A3A-44F3-A99E-941683BC7563}.Debug|x64.Build.0 = Debug|Any CPU
		{2C8A15A2-2A3A-44F3-A99E-941683BC7563}.Debug|x86.ActiveCfg = Debug|Any CPU
		{2C8A15A2-2A3A-44F3-A99E-941683BC7563}.Debug|x86.Build.0 = Debug|Any CPU
		{2C8A15A2-2A3A-44F3-A99E-941683BC7563}.Release|Any CPU.ActiveCfg = Release|Any CPU
		{2C8A15A2-2A3A-44F3-A99E-941683BC7563}.Release|Any CPU.Build.0 = Release|Any CPU
		{2C8A15A2-2A3A-44F3-A99E-941683BC7563}.Release|x64.ActiveCfg = Release|Any CPU
		{2C8A15A2-2A3A-44F3-A99E-941683BC7563}.Release|x64.Build.0 = Release|Any CPU
		{2C8A15A2-2A3A-44F3-A99E-941683BC7563}.Release|x86.ActiveCfg = Release|Any CPU
		{2C8A15A2-2A3A-44F3-A99E-941683BC7563}.Release|x86.Build.0 = Release|Any CPU
		{3C4FCA10-A83A-412D-8EA5-67F310A5234F}.Debug|Any CPU.ActiveCfg = Debug|Any CPU
		{3C4FCA10-A83A-412D-8EA5-67F310A5234F}.Debug|Any CPU.Build.0 = Debug|Any CPU
		{3C4FCA10-A83A-412D-8EA5-67F310A5234F}.Debug|x64.ActiveCfg = Debug|Any CPU
		{3C4FCA10-A83A-412D-8EA5-67F310A5234F}.Debug|x64.Build.0 = Debug|Any CPU
		{3C4FCA10-A83A-412D-8EA5-67F310A5234F}.Debug|x86.ActiveCfg = Debug|Any CPU
		{3C4FCA10-A83A-412D-8EA5-67F310A5234F}.Debug|x86.Build.0 = Debug|Any CPU
		{3C4FCA10-A83A-412D-8EA5-67F310A5234F}.Release|Any CPU.ActiveCfg = Release|Any CPU
		{3C4FCA10-A83A-412D-8EA5-67F310A5234F}.Release|Any CPU.Build.0 = Release|Any CPU
		{3C4FCA10-A83A-412D-8EA5-67F310A5234F}.Release|x64.ActiveCfg = Release|Any CPU
		{3C4FCA10-A83A-412D-8EA5-67F310A5234F}.Release|x64.Build.0 = Release|Any CPU
		{3C4FCA10-A83A-412D-8EA5-67F310A5234F}.Release|x86.ActiveCfg = Release|Any CPU
		{3C4FCA10-A83A-412D-8EA5-67F310A5234F}.Release|x86.Build.0 = Release|Any CPU
		{144136D0-ACB5-40D9-ABE8-564DEFD73162}.Debug|Any CPU.ActiveCfg = Debug|Any CPU
		{144136D0-ACB5-40D9-ABE8-564DEFD73162}.Debug|Any CPU.Build.0 = Debug|Any CPU
		{144136D0-ACB5-40D9-ABE8-564DEFD73162}.Debug|x64.ActiveCfg = Debug|Any CPU
		{144136D0-ACB5-40D9-ABE8-564DEFD73162}.Debug|x64.Build.0 = Debug|Any CPU
		{144136D0-ACB5-40D9-ABE8-564DEFD73162}.Debug|x86.ActiveCfg = Debug|Any CPU
		{144136D0-ACB5-40D9-ABE8-564DEFD73162}.Debug|x86.Build.0 = Debug|Any CPU
		{144136D0-ACB5-40D9-ABE8-564DEFD73162}.Release|Any CPU.ActiveCfg = Release|Any CPU
		{144136D0-ACB5-40D9-ABE8-564DEFD73162}.Release|Any CPU.Build.0 = Release|Any CPU
		{144136D0-ACB5-40D9-ABE8-564DEFD73162}.Release|x64.ActiveCfg = Release|Any CPU
		{144136D0-ACB5-40D9-ABE8-564DEFD73162}.Release|x64.Build.0 = Release|Any CPU
		{144136D0-ACB5-40D9-ABE8-564DEFD73162}.Release|x86.ActiveCfg = Release|Any CPU
		{144136D0-ACB5-40D9-ABE8-564DEFD73162}.Release|x86.Build.0 = Release|Any CPU
		{B5C6B9D0-AEA3-4546-B3B2-46C0C4A06E81}.Debug|Any CPU.ActiveCfg = Debug|Any CPU
		{B5C6B9D0-AEA3-4546-B3B2-46C0C4A06E81}.Debug|Any CPU.Build.0 = Debug|Any CPU
		{B5C6B9D0-AEA3-4546-B3B2-46C0C4A06E81}.Debug|x64.ActiveCfg = Debug|Any CPU
		{B5C6B9D0-AEA3-4546-B3B2-46C0C4A06E81}.Debug|x64.Build.0 = Debug|Any CPU
		{B5C6B9D0-AEA3-4546-B3B2-46C0C4A06E81}.Debug|x86.ActiveCfg = Debug|Any CPU
		{B5C6B9D0-AEA3-4546-B3B2-46C0C4A06E81}.Debug|x86.Build.0 = Debug|Any CPU
		{B5C6B9D0-AEA3-4546-B3B2-46C0C4A06E81}.Release|Any CPU.ActiveCfg = Release|Any CPU
		{B5C6B9D0-AEA3-4546-B3B2-46C0C4A06E81}.Release|Any CPU.Build.0 = Release|Any CPU
		{B5C6B9D0-AEA3-4546-B3B2-46C0C4A06E81}.Release|x64.ActiveCfg = Release|Any CPU
		{B5C6B9D0-AEA3-4546-B3B2-46C0C4A06E81}.Release|x64.Build.0 = Release|Any CPU
		{B5C6B9D0-AEA3-4546-B3B2-46C0C4A06E81}.Release|x86.ActiveCfg = Release|Any CPU
		{B5C6B9D0-AEA3-4546-B3B2-46C0C4A06E81}.Release|x86.Build.0 = Release|Any CPU
		{98DADBF2-9C0B-4DFB-BF59-C33DEDDB64CD}.Debug|Any CPU.ActiveCfg = Debug|Any CPU
		{98DADBF2-9C0B-4DFB-BF59-C33DEDDB64CD}.Debug|Any CPU.Build.0 = Debug|Any CPU
		{98DADBF2-9C0B-4DFB-BF59-C33DEDDB64CD}.Debug|x64.ActiveCfg = Debug|Any CPU
		{98DADBF2-9C0B-4DFB-BF59-C33DEDDB64CD}.Debug|x64.Build.0 = Debug|Any CPU
		{98DADBF2-9C0B-4DFB-BF59-C33DEDDB64CD}.Debug|x86.ActiveCfg = Debug|Any CPU
		{98DADBF2-9C0B-4DFB-BF59-C33DEDDB64CD}.Debug|x86.Build.0 = Debug|Any CPU
		{98DADBF2-9C0B-4DFB-BF59-C33DEDDB64CD}.Release|Any CPU.ActiveCfg = Release|Any CPU
		{98DADBF2-9C0B-4DFB-BF59-C33DEDDB64CD}.Release|Any CPU.Build.0 = Release|Any CPU
		{98DADBF2-9C0B-4DFB-BF59-C33DEDDB64CD}.Release|x64.ActiveCfg = Release|Any CPU
		{98DADBF2-9C0B-4DFB-BF59-C33DEDDB64CD}.Release|x64.Build.0 = Release|Any CPU
		{98DADBF2-9C0B-4DFB-BF59-C33DEDDB64CD}.Release|x86.ActiveCfg = Release|Any CPU
		{98DADBF2-9C0B-4DFB-BF59-C33DEDDB64CD}.Release|x86.Build.0 = Release|Any CPU
		{4AA6DCC7-215F-4A3A-8AA3-F8267155E860}.Debug|Any CPU.ActiveCfg = Debug|Any CPU
		{4AA6DCC7-215F-4A3A-8AA3-F8267155E860}.Debug|Any CPU.Build.0 = Debug|Any CPU
		{4AA6DCC7-215F-4A3A-8AA3-F8267155E860}.Debug|x64.ActiveCfg = Debug|Any CPU
		{4AA6DCC7-215F-4A3A-8AA3-F8267155E860}.Debug|x64.Build.0 = Debug|Any CPU
		{4AA6DCC7-215F-4A3A-8AA3-F8267155E860}.Debug|x86.ActiveCfg = Debug|Any CPU
		{4AA6DCC7-215F-4A3A-8AA3-F8267155E860}.Debug|x86.Build.0 = Debug|Any CPU
		{4AA6DCC7-215F-4A3A-8AA3-F8267155E860}.Release|Any CPU.ActiveCfg = Release|Any CPU
		{4AA6DCC7-215F-4A3A-8AA3-F8267155E860}.Release|Any CPU.Build.0 = Release|Any CPU
		{4AA6DCC7-215F-4A3A-8AA3-F8267155E860}.Release|x64.ActiveCfg = Release|Any CPU
		{4AA6DCC7-215F-4A3A-8AA3-F8267155E860}.Release|x64.Build.0 = Release|Any CPU
		{4AA6DCC7-215F-4A3A-8AA3-F8267155E860}.Release|x86.ActiveCfg = Release|Any CPU
		{4AA6DCC7-215F-4A3A-8AA3-F8267155E860}.Release|x86.Build.0 = Release|Any CPU
		{5E85B2CA-4772-422B-B6B8-BBC789FDFC2C}.Debug|Any CPU.ActiveCfg = Debug|Any CPU
		{5E85B2CA-4772-422B-B6B8-BBC789FDFC2C}.Debug|Any CPU.Build.0 = Debug|Any CPU
		{5E85B2CA-4772-422B-B6B8-BBC789FDFC2C}.Debug|x64.ActiveCfg = Debug|Any CPU
		{5E85B2CA-4772-422B-B6B8-BBC789FDFC2C}.Debug|x64.Build.0 = Debug|Any CPU
		{5E85B2CA-4772-422B-B6B8-BBC789FDFC2C}.Debug|x86.ActiveCfg = Debug|Any CPU
		{5E85B2CA-4772-422B-B6B8-BBC789FDFC2C}.Debug|x86.Build.0 = Debug|Any CPU
		{5E85B2CA-4772-422B-B6B8-BBC789FDFC2C}.Release|Any CPU.ActiveCfg = Release|Any CPU
		{5E85B2CA-4772-422B-B6B8-BBC789FDFC2C}.Release|Any CPU.Build.0 = Release|Any CPU
		{5E85B2CA-4772-422B-B6B8-BBC789FDFC2C}.Release|x64.ActiveCfg = Release|Any CPU
		{5E85B2CA-4772-422B-B6B8-BBC789FDFC2C}.Release|x64.Build.0 = Release|Any CPU
		{5E85B2CA-4772-422B-B6B8-BBC789FDFC2C}.Release|x86.ActiveCfg = Release|Any CPU
		{5E85B2CA-4772-422B-B6B8-BBC789FDFC2C}.Release|x86.Build.0 = Release|Any CPU
		{8CF3B11F-7193-4BEF-BE4A-EA8E709B7887}.Debug|Any CPU.ActiveCfg = Debug|Any CPU
		{8CF3B11F-7193-4BEF-BE4A-EA8E709B7887}.Debug|Any CPU.Build.0 = Debug|Any CPU
		{8CF3B11F-7193-4BEF-BE4A-EA8E709B7887}.Debug|x64.ActiveCfg = Debug|Any CPU
		{8CF3B11F-7193-4BEF-BE4A-EA8E709B7887}.Debug|x64.Build.0 = Debug|Any CPU
		{8CF3B11F-7193-4BEF-BE4A-EA8E709B7887}.Debug|x86.ActiveCfg = Debug|Any CPU
		{8CF3B11F-7193-4BEF-BE4A-EA8E709B7887}.Debug|x86.Build.0 = Debug|Any CPU
		{8CF3B11F-7193-4BEF-BE4A-EA8E709B7887}.Release|Any CPU.ActiveCfg = Release|Any CPU
		{8CF3B11F-7193-4BEF-BE4A-EA8E709B7887}.Release|Any CPU.Build.0 = Release|Any CPU
		{8CF3B11F-7193-4BEF-BE4A-EA8E709B7887}.Release|x64.ActiveCfg = Release|Any CPU
		{8CF3B11F-7193-4BEF-BE4A-EA8E709B7887}.Release|x64.Build.0 = Release|Any CPU
		{8CF3B11F-7193-4BEF-BE4A-EA8E709B7887}.Release|x86.ActiveCfg = Release|Any CPU
		{8CF3B11F-7193-4BEF-BE4A-EA8E709B7887}.Release|x86.Build.0 = Release|Any CPU
		{543893F2-64D8-4E0E-BF12-36F7EF9823D2}.Debug|Any CPU.ActiveCfg = Debug|Any CPU
		{543893F2-64D8-4E0E-BF12-36F7EF9823D2}.Debug|Any CPU.Build.0 = Debug|Any CPU
		{543893F2-64D8-4E0E-BF12-36F7EF9823D2}.Debug|x64.ActiveCfg = Debug|Any CPU
		{543893F2-64D8-4E0E-BF12-36F7EF9823D2}.Debug|x64.Build.0 = Debug|Any CPU
		{543893F2-64D8-4E0E-BF12-36F7EF9823D2}.Debug|x86.ActiveCfg = Debug|Any CPU
		{543893F2-64D8-4E0E-BF12-36F7EF9823D2}.Debug|x86.Build.0 = Debug|Any CPU
		{543893F2-64D8-4E0E-BF12-36F7EF9823D2}.Release|Any CPU.ActiveCfg = Release|Any CPU
		{543893F2-64D8-4E0E-BF12-36F7EF9823D2}.Release|Any CPU.Build.0 = Release|Any CPU
		{543893F2-64D8-4E0E-BF12-36F7EF9823D2}.Release|x64.ActiveCfg = Release|Any CPU
		{543893F2-64D8-4E0E-BF12-36F7EF9823D2}.Release|x64.Build.0 = Release|Any CPU
		{543893F2-64D8-4E0E-BF12-36F7EF9823D2}.Release|x86.ActiveCfg = Release|Any CPU
		{543893F2-64D8-4E0E-BF12-36F7EF9823D2}.Release|x86.Build.0 = Release|Any CPU
		{863AF851-5958-496C-BC16-8B9CEE2ACD8D}.Debug|Any CPU.ActiveCfg = Debug|Any CPU
		{863AF851-5958-496C-BC16-8B9CEE2ACD8D}.Debug|Any CPU.Build.0 = Debug|Any CPU
		{863AF851-5958-496C-BC16-8B9CEE2ACD8D}.Debug|x64.ActiveCfg = Debug|Any CPU
		{863AF851-5958-496C-BC16-8B9CEE2ACD8D}.Debug|x64.Build.0 = Debug|Any CPU
		{863AF851-5958-496C-BC16-8B9CEE2ACD8D}.Debug|x86.ActiveCfg = Debug|Any CPU
		{863AF851-5958-496C-BC16-8B9CEE2ACD8D}.Debug|x86.Build.0 = Debug|Any CPU
		{863AF851-5958-496C-BC16-8B9CEE2ACD8D}.Release|Any CPU.ActiveCfg = Release|Any CPU
		{863AF851-5958-496C-BC16-8B9CEE2ACD8D}.Release|Any CPU.Build.0 = Release|Any CPU
		{863AF851-5958-496C-BC16-8B9CEE2ACD8D}.Release|x64.ActiveCfg = Release|Any CPU
		{863AF851-5958-496C-BC16-8B9CEE2ACD8D}.Release|x64.Build.0 = Release|Any CPU
		{863AF851-5958-496C-BC16-8B9CEE2ACD8D}.Release|x86.ActiveCfg = Release|Any CPU
		{863AF851-5958-496C-BC16-8B9CEE2ACD8D}.Release|x86.Build.0 = Release|Any CPU
		{E226313B-4501-4006-A41D-87FEF3DCB722}.Debug|Any CPU.ActiveCfg = Debug|Any CPU
		{E226313B-4501-4006-A41D-87FEF3DCB722}.Debug|Any CPU.Build.0 = Debug|Any CPU
		{E226313B-4501-4006-A41D-87FEF3DCB722}.Debug|x64.ActiveCfg = Debug|Any CPU
		{E226313B-4501-4006-A41D-87FEF3DCB722}.Debug|x64.Build.0 = Debug|Any CPU
		{E226313B-4501-4006-A41D-87FEF3DCB722}.Debug|x86.ActiveCfg = Debug|Any CPU
		{E226313B-4501-4006-A41D-87FEF3DCB722}.Debug|x86.Build.0 = Debug|Any CPU
		{E226313B-4501-4006-A41D-87FEF3DCB722}.Release|Any CPU.ActiveCfg = Release|Any CPU
		{E226313B-4501-4006-A41D-87FEF3DCB722}.Release|Any CPU.Build.0 = Release|Any CPU
		{E226313B-4501-4006-A41D-87FEF3DCB722}.Release|x64.ActiveCfg = Release|Any CPU
		{E226313B-4501-4006-A41D-87FEF3DCB722}.Release|x64.Build.0 = Release|Any CPU
		{E226313B-4501-4006-A41D-87FEF3DCB722}.Release|x86.ActiveCfg = Release|Any CPU
		{E226313B-4501-4006-A41D-87FEF3DCB722}.Release|x86.Build.0 = Release|Any CPU
		{8730CDF5-16B5-43E5-8E8C-0CDC232C3297}.Debug|Any CPU.ActiveCfg = Debug|Any CPU
		{8730CDF5-16B5-43E5-8E8C-0CDC232C3297}.Debug|Any CPU.Build.0 = Debug|Any CPU
		{8730CDF5-16B5-43E5-8E8C-0CDC232C3297}.Debug|x64.ActiveCfg = Debug|Any CPU
		{8730CDF5-16B5-43E5-8E8C-0CDC232C3297}.Debug|x64.Build.0 = Debug|Any CPU
		{8730CDF5-16B5-43E5-8E8C-0CDC232C3297}.Debug|x86.ActiveCfg = Debug|Any CPU
		{8730CDF5-16B5-43E5-8E8C-0CDC232C3297}.Debug|x86.Build.0 = Debug|Any CPU
		{8730CDF5-16B5-43E5-8E8C-0CDC232C3297}.Release|Any CPU.ActiveCfg = Release|Any CPU
		{8730CDF5-16B5-43E5-8E8C-0CDC232C3297}.Release|Any CPU.Build.0 = Release|Any CPU
		{8730CDF5-16B5-43E5-8E8C-0CDC232C3297}.Release|x64.ActiveCfg = Release|Any CPU
		{8730CDF5-16B5-43E5-8E8C-0CDC232C3297}.Release|x64.Build.0 = Release|Any CPU
		{8730CDF5-16B5-43E5-8E8C-0CDC232C3297}.Release|x86.ActiveCfg = Release|Any CPU
		{8730CDF5-16B5-43E5-8E8C-0CDC232C3297}.Release|x86.Build.0 = Release|Any CPU
		{4EAC48A8-DF5D-4473-B5D7-BB1EC6552558}.Debug|Any CPU.ActiveCfg = Debug|Any CPU
		{4EAC48A8-DF5D-4473-B5D7-BB1EC6552558}.Debug|Any CPU.Build.0 = Debug|Any CPU
		{4EAC48A8-DF5D-4473-B5D7-BB1EC6552558}.Debug|x64.ActiveCfg = Debug|Any CPU
		{4EAC48A8-DF5D-4473-B5D7-BB1EC6552558}.Debug|x64.Build.0 = Debug|Any CPU
		{4EAC48A8-DF5D-4473-B5D7-BB1EC6552558}.Debug|x86.ActiveCfg = Debug|Any CPU
		{4EAC48A8-DF5D-4473-B5D7-BB1EC6552558}.Debug|x86.Build.0 = Debug|Any CPU
		{4EAC48A8-DF5D-4473-B5D7-BB1EC6552558}.Release|Any CPU.ActiveCfg = Release|Any CPU
		{4EAC48A8-DF5D-4473-B5D7-BB1EC6552558}.Release|Any CPU.Build.0 = Release|Any CPU
		{4EAC48A8-DF5D-4473-B5D7-BB1EC6552558}.Release|x64.ActiveCfg = Release|Any CPU
		{4EAC48A8-DF5D-4473-B5D7-BB1EC6552558}.Release|x64.Build.0 = Release|Any CPU
		{4EAC48A8-DF5D-4473-B5D7-BB1EC6552558}.Release|x86.ActiveCfg = Release|Any CPU
		{4EAC48A8-DF5D-4473-B5D7-BB1EC6552558}.Release|x86.Build.0 = Release|Any CPU
		{C50BEE78-00FB-4ACD-A138-CCBF32C0253A}.Debug|Any CPU.ActiveCfg = Debug|Any CPU
		{C50BEE78-00FB-4ACD-A138-CCBF32C0253A}.Debug|Any CPU.Build.0 = Debug|Any CPU
		{C50BEE78-00FB-4ACD-A138-CCBF32C0253A}.Debug|x64.ActiveCfg = Debug|Any CPU
		{C50BEE78-00FB-4ACD-A138-CCBF32C0253A}.Debug|x64.Build.0 = Debug|Any CPU
		{C50BEE78-00FB-4ACD-A138-CCBF32C0253A}.Debug|x86.ActiveCfg = Debug|Any CPU
		{C50BEE78-00FB-4ACD-A138-CCBF32C0253A}.Debug|x86.Build.0 = Debug|Any CPU
		{C50BEE78-00FB-4ACD-A138-CCBF32C0253A}.Release|Any CPU.ActiveCfg = Release|Any CPU
		{C50BEE78-00FB-4ACD-A138-CCBF32C0253A}.Release|Any CPU.Build.0 = Release|Any CPU
		{C50BEE78-00FB-4ACD-A138-CCBF32C0253A}.Release|x64.ActiveCfg = Release|Any CPU
		{C50BEE78-00FB-4ACD-A138-CCBF32C0253A}.Release|x64.Build.0 = Release|Any CPU
		{C50BEE78-00FB-4ACD-A138-CCBF32C0253A}.Release|x86.ActiveCfg = Release|Any CPU
		{C50BEE78-00FB-4ACD-A138-CCBF32C0253A}.Release|x86.Build.0 = Release|Any CPU
		{84538E96-E88C-4DE6-84E8-EABC7027506C}.Debug|Any CPU.ActiveCfg = Debug|Any CPU
		{84538E96-E88C-4DE6-84E8-EABC7027506C}.Debug|Any CPU.Build.0 = Debug|Any CPU
		{84538E96-E88C-4DE6-84E8-EABC7027506C}.Debug|x64.ActiveCfg = Debug|Any CPU
		{84538E96-E88C-4DE6-84E8-EABC7027506C}.Debug|x64.Build.0 = Debug|Any CPU
		{84538E96-E88C-4DE6-84E8-EABC7027506C}.Debug|x86.ActiveCfg = Debug|Any CPU
		{84538E96-E88C-4DE6-84E8-EABC7027506C}.Debug|x86.Build.0 = Debug|Any CPU
		{84538E96-E88C-4DE6-84E8-EABC7027506C}.Release|Any CPU.ActiveCfg = Release|Any CPU
		{84538E96-E88C-4DE6-84E8-EABC7027506C}.Release|Any CPU.Build.0 = Release|Any CPU
		{84538E96-E88C-4DE6-84E8-EABC7027506C}.Release|x64.ActiveCfg = Release|Any CPU
		{84538E96-E88C-4DE6-84E8-EABC7027506C}.Release|x64.Build.0 = Release|Any CPU
		{84538E96-E88C-4DE6-84E8-EABC7027506C}.Release|x86.ActiveCfg = Release|Any CPU
		{84538E96-E88C-4DE6-84E8-EABC7027506C}.Release|x86.Build.0 = Release|Any CPU
		{979519A8-2964-4BF7-ADFA-4EAA5A40B3F3}.Debug|Any CPU.ActiveCfg = Debug|Any CPU
		{979519A8-2964-4BF7-ADFA-4EAA5A40B3F3}.Debug|Any CPU.Build.0 = Debug|Any CPU
		{979519A8-2964-4BF7-ADFA-4EAA5A40B3F3}.Debug|x64.ActiveCfg = Debug|Any CPU
		{979519A8-2964-4BF7-ADFA-4EAA5A40B3F3}.Debug|x64.Build.0 = Debug|Any CPU
		{979519A8-2964-4BF7-ADFA-4EAA5A40B3F3}.Debug|x86.ActiveCfg = Debug|Any CPU
		{979519A8-2964-4BF7-ADFA-4EAA5A40B3F3}.Debug|x86.Build.0 = Debug|Any CPU
		{979519A8-2964-4BF7-ADFA-4EAA5A40B3F3}.Release|Any CPU.ActiveCfg = Release|Any CPU
		{979519A8-2964-4BF7-ADFA-4EAA5A40B3F3}.Release|Any CPU.Build.0 = Release|Any CPU
		{979519A8-2964-4BF7-ADFA-4EAA5A40B3F3}.Release|x64.ActiveCfg = Release|Any CPU
		{979519A8-2964-4BF7-ADFA-4EAA5A40B3F3}.Release|x64.Build.0 = Release|Any CPU
		{979519A8-2964-4BF7-ADFA-4EAA5A40B3F3}.Release|x86.ActiveCfg = Release|Any CPU
		{979519A8-2964-4BF7-ADFA-4EAA5A40B3F3}.Release|x86.Build.0 = Release|Any CPU
		{59969437-04DB-4816-8B0E-FB2280BC4CC4}.Debug|Any CPU.ActiveCfg = Debug|Any CPU
		{59969437-04DB-4816-8B0E-FB2280BC4CC4}.Debug|Any CPU.Build.0 = Debug|Any CPU
		{59969437-04DB-4816-8B0E-FB2280BC4CC4}.Debug|x64.ActiveCfg = Debug|Any CPU
		{59969437-04DB-4816-8B0E-FB2280BC4CC4}.Debug|x64.Build.0 = Debug|Any CPU
		{59969437-04DB-4816-8B0E-FB2280BC4CC4}.Debug|x86.ActiveCfg = Debug|Any CPU
		{59969437-04DB-4816-8B0E-FB2280BC4CC4}.Debug|x86.Build.0 = Debug|Any CPU
		{59969437-04DB-4816-8B0E-FB2280BC4CC4}.Release|Any CPU.ActiveCfg = Release|Any CPU
		{59969437-04DB-4816-8B0E-FB2280BC4CC4}.Release|Any CPU.Build.0 = Release|Any CPU
		{59969437-04DB-4816-8B0E-FB2280BC4CC4}.Release|x64.ActiveCfg = Release|Any CPU
		{59969437-04DB-4816-8B0E-FB2280BC4CC4}.Release|x64.Build.0 = Release|Any CPU
		{59969437-04DB-4816-8B0E-FB2280BC4CC4}.Release|x86.ActiveCfg = Release|Any CPU
		{59969437-04DB-4816-8B0E-FB2280BC4CC4}.Release|x86.Build.0 = Release|Any CPU
		{AFE31A51-D826-4CB8-81EE-4D524584B985}.Debug|Any CPU.ActiveCfg = Debug|Any CPU
		{AFE31A51-D826-4CB8-81EE-4D524584B985}.Debug|Any CPU.Build.0 = Debug|Any CPU
		{AFE31A51-D826-4CB8-81EE-4D524584B985}.Debug|x64.ActiveCfg = Debug|Any CPU
		{AFE31A51-D826-4CB8-81EE-4D524584B985}.Debug|x64.Build.0 = Debug|Any CPU
		{AFE31A51-D826-4CB8-81EE-4D524584B985}.Debug|x86.ActiveCfg = Debug|Any CPU
		{AFE31A51-D826-4CB8-81EE-4D524584B985}.Debug|x86.Build.0 = Debug|Any CPU
		{AFE31A51-D826-4CB8-81EE-4D524584B985}.Release|Any CPU.ActiveCfg = Release|Any CPU
		{AFE31A51-D826-4CB8-81EE-4D524584B985}.Release|Any CPU.Build.0 = Release|Any CPU
		{AFE31A51-D826-4CB8-81EE-4D524584B985}.Release|x64.ActiveCfg = Release|Any CPU
		{AFE31A51-D826-4CB8-81EE-4D524584B985}.Release|x64.Build.0 = Release|Any CPU
		{AFE31A51-D826-4CB8-81EE-4D524584B985}.Release|x86.ActiveCfg = Release|Any CPU
		{AFE31A51-D826-4CB8-81EE-4D524584B985}.Release|x86.Build.0 = Release|Any CPU
		{0A065A0F-064C-4FE9-9CD6-0ED09374B972}.Debug|Any CPU.ActiveCfg = Debug|Any CPU
		{0A065A0F-064C-4FE9-9CD6-0ED09374B972}.Debug|Any CPU.Build.0 = Debug|Any CPU
		{0A065A0F-064C-4FE9-9CD6-0ED09374B972}.Debug|x64.ActiveCfg = Debug|Any CPU
		{0A065A0F-064C-4FE9-9CD6-0ED09374B972}.Debug|x64.Build.0 = Debug|Any CPU
		{0A065A0F-064C-4FE9-9CD6-0ED09374B972}.Debug|x86.ActiveCfg = Debug|Any CPU
		{0A065A0F-064C-4FE9-9CD6-0ED09374B972}.Debug|x86.Build.0 = Debug|Any CPU
		{0A065A0F-064C-4FE9-9CD6-0ED09374B972}.Release|Any CPU.ActiveCfg = Release|Any CPU
		{0A065A0F-064C-4FE9-9CD6-0ED09374B972}.Release|Any CPU.Build.0 = Release|Any CPU
		{0A065A0F-064C-4FE9-9CD6-0ED09374B972}.Release|x64.ActiveCfg = Release|Any CPU
		{0A065A0F-064C-4FE9-9CD6-0ED09374B972}.Release|x64.Build.0 = Release|Any CPU
		{0A065A0F-064C-4FE9-9CD6-0ED09374B972}.Release|x86.ActiveCfg = Release|Any CPU
		{0A065A0F-064C-4FE9-9CD6-0ED09374B972}.Release|x86.Build.0 = Release|Any CPU
		{2F888918-8122-481B-8F66-633DE8AC1537}.Debug|Any CPU.ActiveCfg = Debug|Any CPU
		{2F888918-8122-481B-8F66-633DE8AC1537}.Debug|Any CPU.Build.0 = Debug|Any CPU
		{2F888918-8122-481B-8F66-633DE8AC1537}.Debug|x64.ActiveCfg = Debug|Any CPU
		{2F888918-8122-481B-8F66-633DE8AC1537}.Debug|x64.Build.0 = Debug|Any CPU
		{2F888918-8122-481B-8F66-633DE8AC1537}.Debug|x86.ActiveCfg = Debug|Any CPU
		{2F888918-8122-481B-8F66-633DE8AC1537}.Debug|x86.Build.0 = Debug|Any CPU
		{2F888918-8122-481B-8F66-633DE8AC1537}.Release|Any CPU.ActiveCfg = Release|Any CPU
		{2F888918-8122-481B-8F66-633DE8AC1537}.Release|Any CPU.Build.0 = Release|Any CPU
		{2F888918-8122-481B-8F66-633DE8AC1537}.Release|x64.ActiveCfg = Release|Any CPU
		{2F888918-8122-481B-8F66-633DE8AC1537}.Release|x64.Build.0 = Release|Any CPU
		{2F888918-8122-481B-8F66-633DE8AC1537}.Release|x86.ActiveCfg = Release|Any CPU
		{2F888918-8122-481B-8F66-633DE8AC1537}.Release|x86.Build.0 = Release|Any CPU
		{57F3CCB4-0479-455E-AB7E-B7DDFACACEC9}.Debug|Any CPU.ActiveCfg = Debug|Any CPU
		{57F3CCB4-0479-455E-AB7E-B7DDFACACEC9}.Debug|Any CPU.Build.0 = Debug|Any CPU
		{57F3CCB4-0479-455E-AB7E-B7DDFACACEC9}.Debug|x64.ActiveCfg = Debug|Any CPU
		{57F3CCB4-0479-455E-AB7E-B7DDFACACEC9}.Debug|x64.Build.0 = Debug|Any CPU
		{57F3CCB4-0479-455E-AB7E-B7DDFACACEC9}.Debug|x86.ActiveCfg = Debug|Any CPU
		{57F3CCB4-0479-455E-AB7E-B7DDFACACEC9}.Debug|x86.Build.0 = Debug|Any CPU
		{57F3CCB4-0479-455E-AB7E-B7DDFACACEC9}.Release|Any CPU.ActiveCfg = Release|Any CPU
		{57F3CCB4-0479-455E-AB7E-B7DDFACACEC9}.Release|Any CPU.Build.0 = Release|Any CPU
		{57F3CCB4-0479-455E-AB7E-B7DDFACACEC9}.Release|x64.ActiveCfg = Release|Any CPU
		{57F3CCB4-0479-455E-AB7E-B7DDFACACEC9}.Release|x64.Build.0 = Release|Any CPU
		{57F3CCB4-0479-455E-AB7E-B7DDFACACEC9}.Release|x86.ActiveCfg = Release|Any CPU
		{57F3CCB4-0479-455E-AB7E-B7DDFACACEC9}.Release|x86.Build.0 = Release|Any CPU
		{7A4777E0-7290-4131-ABF8-7222264B40C4}.Debug|Any CPU.ActiveCfg = Debug|Any CPU
		{7A4777E0-7290-4131-ABF8-7222264B40C4}.Debug|Any CPU.Build.0 = Debug|Any CPU
		{7A4777E0-7290-4131-ABF8-7222264B40C4}.Debug|x64.ActiveCfg = Debug|Any CPU
		{7A4777E0-7290-4131-ABF8-7222264B40C4}.Debug|x64.Build.0 = Debug|Any CPU
		{7A4777E0-7290-4131-ABF8-7222264B40C4}.Debug|x86.ActiveCfg = Debug|Any CPU
		{7A4777E0-7290-4131-ABF8-7222264B40C4}.Debug|x86.Build.0 = Debug|Any CPU
		{7A4777E0-7290-4131-ABF8-7222264B40C4}.Release|Any CPU.ActiveCfg = Release|Any CPU
		{7A4777E0-7290-4131-ABF8-7222264B40C4}.Release|Any CPU.Build.0 = Release|Any CPU
		{7A4777E0-7290-4131-ABF8-7222264B40C4}.Release|x64.ActiveCfg = Release|Any CPU
		{7A4777E0-7290-4131-ABF8-7222264B40C4}.Release|x64.Build.0 = Release|Any CPU
		{7A4777E0-7290-4131-ABF8-7222264B40C4}.Release|x86.ActiveCfg = Release|Any CPU
		{7A4777E0-7290-4131-ABF8-7222264B40C4}.Release|x86.Build.0 = Release|Any CPU
		{03A5D745-D814-4F6C-AF9B-4F541B0BB098}.Debug|Any CPU.ActiveCfg = Debug|Any CPU
		{03A5D745-D814-4F6C-AF9B-4F541B0BB098}.Debug|Any CPU.Build.0 = Debug|Any CPU
		{03A5D745-D814-4F6C-AF9B-4F541B0BB098}.Debug|x64.ActiveCfg = Debug|Any CPU
		{03A5D745-D814-4F6C-AF9B-4F541B0BB098}.Debug|x64.Build.0 = Debug|Any CPU
		{03A5D745-D814-4F6C-AF9B-4F541B0BB098}.Debug|x86.ActiveCfg = Debug|Any CPU
		{03A5D745-D814-4F6C-AF9B-4F541B0BB098}.Debug|x86.Build.0 = Debug|Any CPU
		{03A5D745-D814-4F6C-AF9B-4F541B0BB098}.Release|Any CPU.ActiveCfg = Release|Any CPU
		{03A5D745-D814-4F6C-AF9B-4F541B0BB098}.Release|Any CPU.Build.0 = Release|Any CPU
		{03A5D745-D814-4F6C-AF9B-4F541B0BB098}.Release|x64.ActiveCfg = Release|Any CPU
		{03A5D745-D814-4F6C-AF9B-4F541B0BB098}.Release|x64.Build.0 = Release|Any CPU
		{03A5D745-D814-4F6C-AF9B-4F541B0BB098}.Release|x86.ActiveCfg = Release|Any CPU
		{03A5D745-D814-4F6C-AF9B-4F541B0BB098}.Release|x86.Build.0 = Release|Any CPU
		{CA0F1E19-26AA-4065-BA7B-AAF36E49E1BD}.Debug|Any CPU.ActiveCfg = Debug|Any CPU
		{CA0F1E19-26AA-4065-BA7B-AAF36E49E1BD}.Debug|Any CPU.Build.0 = Debug|Any CPU
		{CA0F1E19-26AA-4065-BA7B-AAF36E49E1BD}.Debug|x64.ActiveCfg = Debug|Any CPU
		{CA0F1E19-26AA-4065-BA7B-AAF36E49E1BD}.Debug|x64.Build.0 = Debug|Any CPU
		{CA0F1E19-26AA-4065-BA7B-AAF36E49E1BD}.Debug|x86.ActiveCfg = Debug|Any CPU
		{CA0F1E19-26AA-4065-BA7B-AAF36E49E1BD}.Debug|x86.Build.0 = Debug|Any CPU
		{CA0F1E19-26AA-4065-BA7B-AAF36E49E1BD}.Release|Any CPU.ActiveCfg = Release|Any CPU
		{CA0F1E19-26AA-4065-BA7B-AAF36E49E1BD}.Release|Any CPU.Build.0 = Release|Any CPU
		{CA0F1E19-26AA-4065-BA7B-AAF36E49E1BD}.Release|x64.ActiveCfg = Release|Any CPU
		{CA0F1E19-26AA-4065-BA7B-AAF36E49E1BD}.Release|x64.Build.0 = Release|Any CPU
		{CA0F1E19-26AA-4065-BA7B-AAF36E49E1BD}.Release|x86.ActiveCfg = Release|Any CPU
		{CA0F1E19-26AA-4065-BA7B-AAF36E49E1BD}.Release|x86.Build.0 = Release|Any CPU
		{DA219ACF-2775-4439-920A-1E4FD917381E}.Debug|Any CPU.ActiveCfg = Debug|Any CPU
		{DA219ACF-2775-4439-920A-1E4FD917381E}.Debug|Any CPU.Build.0 = Debug|Any CPU
		{DA219ACF-2775-4439-920A-1E4FD917381E}.Debug|x64.ActiveCfg = Debug|Any CPU
		{DA219ACF-2775-4439-920A-1E4FD917381E}.Debug|x64.Build.0 = Debug|Any CPU
		{DA219ACF-2775-4439-920A-1E4FD917381E}.Debug|x86.ActiveCfg = Debug|Any CPU
		{DA219ACF-2775-4439-920A-1E4FD917381E}.Debug|x86.Build.0 = Debug|Any CPU
		{DA219ACF-2775-4439-920A-1E4FD917381E}.Release|Any CPU.ActiveCfg = Release|Any CPU
		{DA219ACF-2775-4439-920A-1E4FD917381E}.Release|Any CPU.Build.0 = Release|Any CPU
		{DA219ACF-2775-4439-920A-1E4FD917381E}.Release|x64.ActiveCfg = Release|Any CPU
		{DA219ACF-2775-4439-920A-1E4FD917381E}.Release|x64.Build.0 = Release|Any CPU
		{DA219ACF-2775-4439-920A-1E4FD917381E}.Release|x86.ActiveCfg = Release|Any CPU
		{DA219ACF-2775-4439-920A-1E4FD917381E}.Release|x86.Build.0 = Release|Any CPU
		{581AEDC9-940F-460E-88AA-5448F834905B}.Debug|Any CPU.ActiveCfg = Debug|Any CPU
		{581AEDC9-940F-460E-88AA-5448F834905B}.Debug|Any CPU.Build.0 = Debug|Any CPU
		{581AEDC9-940F-460E-88AA-5448F834905B}.Debug|x64.ActiveCfg = Debug|Any CPU
		{581AEDC9-940F-460E-88AA-5448F834905B}.Debug|x64.Build.0 = Debug|Any CPU
		{581AEDC9-940F-460E-88AA-5448F834905B}.Debug|x86.ActiveCfg = Debug|Any CPU
		{581AEDC9-940F-460E-88AA-5448F834905B}.Debug|x86.Build.0 = Debug|Any CPU
		{581AEDC9-940F-460E-88AA-5448F834905B}.Release|Any CPU.ActiveCfg = Release|Any CPU
		{581AEDC9-940F-460E-88AA-5448F834905B}.Release|Any CPU.Build.0 = Release|Any CPU
		{581AEDC9-940F-460E-88AA-5448F834905B}.Release|x64.ActiveCfg = Release|Any CPU
		{581AEDC9-940F-460E-88AA-5448F834905B}.Release|x64.Build.0 = Release|Any CPU
		{581AEDC9-940F-460E-88AA-5448F834905B}.Release|x86.ActiveCfg = Release|Any CPU
		{581AEDC9-940F-460E-88AA-5448F834905B}.Release|x86.Build.0 = Release|Any CPU
		{F0277CD3-4FBB-4FFE-9844-1468E9FB0103}.Debug|Any CPU.ActiveCfg = Debug|Any CPU
		{F0277CD3-4FBB-4FFE-9844-1468E9FB0103}.Debug|Any CPU.Build.0 = Debug|Any CPU
		{F0277CD3-4FBB-4FFE-9844-1468E9FB0103}.Debug|x64.ActiveCfg = Debug|Any CPU
		{F0277CD3-4FBB-4FFE-9844-1468E9FB0103}.Debug|x64.Build.0 = Debug|Any CPU
		{F0277CD3-4FBB-4FFE-9844-1468E9FB0103}.Debug|x86.ActiveCfg = Debug|Any CPU
		{F0277CD3-4FBB-4FFE-9844-1468E9FB0103}.Debug|x86.Build.0 = Debug|Any CPU
		{F0277CD3-4FBB-4FFE-9844-1468E9FB0103}.Release|Any CPU.ActiveCfg = Release|Any CPU
		{F0277CD3-4FBB-4FFE-9844-1468E9FB0103}.Release|Any CPU.Build.0 = Release|Any CPU
		{F0277CD3-4FBB-4FFE-9844-1468E9FB0103}.Release|x64.ActiveCfg = Release|Any CPU
		{F0277CD3-4FBB-4FFE-9844-1468E9FB0103}.Release|x64.Build.0 = Release|Any CPU
		{F0277CD3-4FBB-4FFE-9844-1468E9FB0103}.Release|x86.ActiveCfg = Release|Any CPU
		{F0277CD3-4FBB-4FFE-9844-1468E9FB0103}.Release|x86.Build.0 = Release|Any CPU
		{5A25787F-1637-4116-AB4B-8D5927961631}.Debug|Any CPU.ActiveCfg = Debug|Any CPU
		{5A25787F-1637-4116-AB4B-8D5927961631}.Debug|Any CPU.Build.0 = Debug|Any CPU
		{5A25787F-1637-4116-AB4B-8D5927961631}.Debug|x64.ActiveCfg = Debug|Any CPU
		{5A25787F-1637-4116-AB4B-8D5927961631}.Debug|x64.Build.0 = Debug|Any CPU
		{5A25787F-1637-4116-AB4B-8D5927961631}.Debug|x86.ActiveCfg = Debug|Any CPU
		{5A25787F-1637-4116-AB4B-8D5927961631}.Debug|x86.Build.0 = Debug|Any CPU
		{5A25787F-1637-4116-AB4B-8D5927961631}.Release|Any CPU.ActiveCfg = Release|Any CPU
		{5A25787F-1637-4116-AB4B-8D5927961631}.Release|Any CPU.Build.0 = Release|Any CPU
		{5A25787F-1637-4116-AB4B-8D5927961631}.Release|x64.ActiveCfg = Release|Any CPU
		{5A25787F-1637-4116-AB4B-8D5927961631}.Release|x64.Build.0 = Release|Any CPU
		{5A25787F-1637-4116-AB4B-8D5927961631}.Release|x86.ActiveCfg = Release|Any CPU
		{5A25787F-1637-4116-AB4B-8D5927961631}.Release|x86.Build.0 = Release|Any CPU
		{63971026-93E3-446E-A3BA-CBA9344F5706}.Debug|Any CPU.ActiveCfg = Debug|Any CPU
		{63971026-93E3-446E-A3BA-CBA9344F5706}.Debug|Any CPU.Build.0 = Debug|Any CPU
		{63971026-93E3-446E-A3BA-CBA9344F5706}.Debug|x64.ActiveCfg = Debug|Any CPU
		{63971026-93E3-446E-A3BA-CBA9344F5706}.Debug|x64.Build.0 = Debug|Any CPU
		{63971026-93E3-446E-A3BA-CBA9344F5706}.Debug|x86.ActiveCfg = Debug|Any CPU
		{63971026-93E3-446E-A3BA-CBA9344F5706}.Debug|x86.Build.0 = Debug|Any CPU
		{63971026-93E3-446E-A3BA-CBA9344F5706}.Release|Any CPU.ActiveCfg = Release|Any CPU
		{63971026-93E3-446E-A3BA-CBA9344F5706}.Release|Any CPU.Build.0 = Release|Any CPU
		{63971026-93E3-446E-A3BA-CBA9344F5706}.Release|x64.ActiveCfg = Release|Any CPU
		{63971026-93E3-446E-A3BA-CBA9344F5706}.Release|x64.Build.0 = Release|Any CPU
		{63971026-93E3-446E-A3BA-CBA9344F5706}.Release|x86.ActiveCfg = Release|Any CPU
		{63971026-93E3-446E-A3BA-CBA9344F5706}.Release|x86.Build.0 = Release|Any CPU
		{2E219C13-1C2E-4D0A-A736-929DA3751738}.Debug|Any CPU.ActiveCfg = Debug|Any CPU
		{2E219C13-1C2E-4D0A-A736-929DA3751738}.Debug|Any CPU.Build.0 = Debug|Any CPU
		{2E219C13-1C2E-4D0A-A736-929DA3751738}.Debug|x64.ActiveCfg = Debug|Any CPU
		{2E219C13-1C2E-4D0A-A736-929DA3751738}.Debug|x64.Build.0 = Debug|Any CPU
		{2E219C13-1C2E-4D0A-A736-929DA3751738}.Debug|x86.ActiveCfg = Debug|Any CPU
		{2E219C13-1C2E-4D0A-A736-929DA3751738}.Debug|x86.Build.0 = Debug|Any CPU
		{2E219C13-1C2E-4D0A-A736-929DA3751738}.Release|Any CPU.ActiveCfg = Release|Any CPU
		{2E219C13-1C2E-4D0A-A736-929DA3751738}.Release|Any CPU.Build.0 = Release|Any CPU
		{2E219C13-1C2E-4D0A-A736-929DA3751738}.Release|x64.ActiveCfg = Release|Any CPU
		{2E219C13-1C2E-4D0A-A736-929DA3751738}.Release|x64.Build.0 = Release|Any CPU
		{2E219C13-1C2E-4D0A-A736-929DA3751738}.Release|x86.ActiveCfg = Release|Any CPU
		{2E219C13-1C2E-4D0A-A736-929DA3751738}.Release|x86.Build.0 = Release|Any CPU
		{0DDAC0F0-66DB-40EE-A00B-E40AE7386F14}.Debug|Any CPU.ActiveCfg = Debug|Any CPU
		{0DDAC0F0-66DB-40EE-A00B-E40AE7386F14}.Debug|Any CPU.Build.0 = Debug|Any CPU
		{0DDAC0F0-66DB-40EE-A00B-E40AE7386F14}.Debug|x64.ActiveCfg = Debug|Any CPU
		{0DDAC0F0-66DB-40EE-A00B-E40AE7386F14}.Debug|x64.Build.0 = Debug|Any CPU
		{0DDAC0F0-66DB-40EE-A00B-E40AE7386F14}.Debug|x86.ActiveCfg = Debug|Any CPU
		{0DDAC0F0-66DB-40EE-A00B-E40AE7386F14}.Debug|x86.Build.0 = Debug|Any CPU
		{0DDAC0F0-66DB-40EE-A00B-E40AE7386F14}.Release|Any CPU.ActiveCfg = Release|Any CPU
		{0DDAC0F0-66DB-40EE-A00B-E40AE7386F14}.Release|Any CPU.Build.0 = Release|Any CPU
		{0DDAC0F0-66DB-40EE-A00B-E40AE7386F14}.Release|x64.ActiveCfg = Release|Any CPU
		{0DDAC0F0-66DB-40EE-A00B-E40AE7386F14}.Release|x64.Build.0 = Release|Any CPU
		{0DDAC0F0-66DB-40EE-A00B-E40AE7386F14}.Release|x86.ActiveCfg = Release|Any CPU
		{0DDAC0F0-66DB-40EE-A00B-E40AE7386F14}.Release|x86.Build.0 = Release|Any CPU
		{E2F74494-CB8C-40B2-A459-7D5EFCD66D40}.Debug|Any CPU.ActiveCfg = Debug|Any CPU
		{E2F74494-CB8C-40B2-A459-7D5EFCD66D40}.Debug|Any CPU.Build.0 = Debug|Any CPU
		{E2F74494-CB8C-40B2-A459-7D5EFCD66D40}.Debug|x64.ActiveCfg = Debug|Any CPU
		{E2F74494-CB8C-40B2-A459-7D5EFCD66D40}.Debug|x64.Build.0 = Debug|Any CPU
		{E2F74494-CB8C-40B2-A459-7D5EFCD66D40}.Debug|x86.ActiveCfg = Debug|Any CPU
		{E2F74494-CB8C-40B2-A459-7D5EFCD66D40}.Debug|x86.Build.0 = Debug|Any CPU
		{E2F74494-CB8C-40B2-A459-7D5EFCD66D40}.Release|Any CPU.ActiveCfg = Release|Any CPU
		{E2F74494-CB8C-40B2-A459-7D5EFCD66D40}.Release|Any CPU.Build.0 = Release|Any CPU
		{E2F74494-CB8C-40B2-A459-7D5EFCD66D40}.Release|x64.ActiveCfg = Release|Any CPU
		{E2F74494-CB8C-40B2-A459-7D5EFCD66D40}.Release|x64.Build.0 = Release|Any CPU
		{E2F74494-CB8C-40B2-A459-7D5EFCD66D40}.Release|x86.ActiveCfg = Release|Any CPU
		{E2F74494-CB8C-40B2-A459-7D5EFCD66D40}.Release|x86.Build.0 = Release|Any CPU
		{C4C704B1-EFC2-491E-AE1B-67366CE82E68}.Debug|Any CPU.ActiveCfg = Debug|Any CPU
		{C4C704B1-EFC2-491E-AE1B-67366CE82E68}.Debug|Any CPU.Build.0 = Debug|Any CPU
		{C4C704B1-EFC2-491E-AE1B-67366CE82E68}.Debug|x64.ActiveCfg = Debug|Any CPU
		{C4C704B1-EFC2-491E-AE1B-67366CE82E68}.Debug|x64.Build.0 = Debug|Any CPU
		{C4C704B1-EFC2-491E-AE1B-67366CE82E68}.Debug|x86.ActiveCfg = Debug|Any CPU
		{C4C704B1-EFC2-491E-AE1B-67366CE82E68}.Debug|x86.Build.0 = Debug|Any CPU
		{C4C704B1-EFC2-491E-AE1B-67366CE82E68}.Release|Any CPU.ActiveCfg = Release|Any CPU
		{C4C704B1-EFC2-491E-AE1B-67366CE82E68}.Release|Any CPU.Build.0 = Release|Any CPU
		{C4C704B1-EFC2-491E-AE1B-67366CE82E68}.Release|x64.ActiveCfg = Release|Any CPU
		{C4C704B1-EFC2-491E-AE1B-67366CE82E68}.Release|x64.Build.0 = Release|Any CPU
		{C4C704B1-EFC2-491E-AE1B-67366CE82E68}.Release|x86.ActiveCfg = Release|Any CPU
		{C4C704B1-EFC2-491E-AE1B-67366CE82E68}.Release|x86.Build.0 = Release|Any CPU
		{CA7655F7-9A78-4485-B835-E4F337BB7E16}.Debug|Any CPU.ActiveCfg = Debug|Any CPU
		{CA7655F7-9A78-4485-B835-E4F337BB7E16}.Debug|Any CPU.Build.0 = Debug|Any CPU
		{CA7655F7-9A78-4485-B835-E4F337BB7E16}.Debug|x64.ActiveCfg = Debug|Any CPU
		{CA7655F7-9A78-4485-B835-E4F337BB7E16}.Debug|x64.Build.0 = Debug|Any CPU
		{CA7655F7-9A78-4485-B835-E4F337BB7E16}.Debug|x86.ActiveCfg = Debug|Any CPU
		{CA7655F7-9A78-4485-B835-E4F337BB7E16}.Debug|x86.Build.0 = Debug|Any CPU
		{CA7655F7-9A78-4485-B835-E4F337BB7E16}.Release|Any CPU.ActiveCfg = Release|Any CPU
		{CA7655F7-9A78-4485-B835-E4F337BB7E16}.Release|Any CPU.Build.0 = Release|Any CPU
		{CA7655F7-9A78-4485-B835-E4F337BB7E16}.Release|x64.ActiveCfg = Release|Any CPU
		{CA7655F7-9A78-4485-B835-E4F337BB7E16}.Release|x64.Build.0 = Release|Any CPU
		{CA7655F7-9A78-4485-B835-E4F337BB7E16}.Release|x86.ActiveCfg = Release|Any CPU
		{CA7655F7-9A78-4485-B835-E4F337BB7E16}.Release|x86.Build.0 = Release|Any CPU
		{7BFAFF61-F8F6-471E-920B-5E8FD75B552F}.Debug|Any CPU.ActiveCfg = Debug|Any CPU
		{7BFAFF61-F8F6-471E-920B-5E8FD75B552F}.Debug|Any CPU.Build.0 = Debug|Any CPU
		{7BFAFF61-F8F6-471E-920B-5E8FD75B552F}.Debug|x64.ActiveCfg = Debug|Any CPU
		{7BFAFF61-F8F6-471E-920B-5E8FD75B552F}.Debug|x64.Build.0 = Debug|Any CPU
		{7BFAFF61-F8F6-471E-920B-5E8FD75B552F}.Debug|x86.ActiveCfg = Debug|Any CPU
		{7BFAFF61-F8F6-471E-920B-5E8FD75B552F}.Debug|x86.Build.0 = Debug|Any CPU
		{7BFAFF61-F8F6-471E-920B-5E8FD75B552F}.Release|Any CPU.ActiveCfg = Release|Any CPU
		{7BFAFF61-F8F6-471E-920B-5E8FD75B552F}.Release|Any CPU.Build.0 = Release|Any CPU
		{7BFAFF61-F8F6-471E-920B-5E8FD75B552F}.Release|x64.ActiveCfg = Release|Any CPU
		{7BFAFF61-F8F6-471E-920B-5E8FD75B552F}.Release|x64.Build.0 = Release|Any CPU
		{7BFAFF61-F8F6-471E-920B-5E8FD75B552F}.Release|x86.ActiveCfg = Release|Any CPU
		{7BFAFF61-F8F6-471E-920B-5E8FD75B552F}.Release|x86.Build.0 = Release|Any CPU
		{D4A27EF7-7DE0-420C-BC03-9CF747E0B0B2}.Debug|Any CPU.ActiveCfg = Debug|Any CPU
		{D4A27EF7-7DE0-420C-BC03-9CF747E0B0B2}.Debug|Any CPU.Build.0 = Debug|Any CPU
		{D4A27EF7-7DE0-420C-BC03-9CF747E0B0B2}.Debug|x64.ActiveCfg = Debug|Any CPU
		{D4A27EF7-7DE0-420C-BC03-9CF747E0B0B2}.Debug|x64.Build.0 = Debug|Any CPU
		{D4A27EF7-7DE0-420C-BC03-9CF747E0B0B2}.Debug|x86.ActiveCfg = Debug|Any CPU
		{D4A27EF7-7DE0-420C-BC03-9CF747E0B0B2}.Debug|x86.Build.0 = Debug|Any CPU
		{D4A27EF7-7DE0-420C-BC03-9CF747E0B0B2}.Release|Any CPU.ActiveCfg = Release|Any CPU
		{D4A27EF7-7DE0-420C-BC03-9CF747E0B0B2}.Release|Any CPU.Build.0 = Release|Any CPU
		{D4A27EF7-7DE0-420C-BC03-9CF747E0B0B2}.Release|x64.ActiveCfg = Release|Any CPU
		{D4A27EF7-7DE0-420C-BC03-9CF747E0B0B2}.Release|x64.Build.0 = Release|Any CPU
		{D4A27EF7-7DE0-420C-BC03-9CF747E0B0B2}.Release|x86.ActiveCfg = Release|Any CPU
		{D4A27EF7-7DE0-420C-BC03-9CF747E0B0B2}.Release|x86.Build.0 = Release|Any CPU
		{6F5E8116-F2A5-42E0-B0A9-A189FF18D5D4}.Debug|Any CPU.ActiveCfg = Debug|Any CPU
		{6F5E8116-F2A5-42E0-B0A9-A189FF18D5D4}.Debug|Any CPU.Build.0 = Debug|Any CPU
		{6F5E8116-F2A5-42E0-B0A9-A189FF18D5D4}.Debug|x64.ActiveCfg = Debug|Any CPU
		{6F5E8116-F2A5-42E0-B0A9-A189FF18D5D4}.Debug|x64.Build.0 = Debug|Any CPU
		{6F5E8116-F2A5-42E0-B0A9-A189FF18D5D4}.Debug|x86.ActiveCfg = Debug|Any CPU
		{6F5E8116-F2A5-42E0-B0A9-A189FF18D5D4}.Debug|x86.Build.0 = Debug|Any CPU
		{6F5E8116-F2A5-42E0-B0A9-A189FF18D5D4}.Release|Any CPU.ActiveCfg = Release|Any CPU
		{6F5E8116-F2A5-42E0-B0A9-A189FF18D5D4}.Release|Any CPU.Build.0 = Release|Any CPU
		{6F5E8116-F2A5-42E0-B0A9-A189FF18D5D4}.Release|x64.ActiveCfg = Release|Any CPU
		{6F5E8116-F2A5-42E0-B0A9-A189FF18D5D4}.Release|x64.Build.0 = Release|Any CPU
		{6F5E8116-F2A5-42E0-B0A9-A189FF18D5D4}.Release|x86.ActiveCfg = Release|Any CPU
		{6F5E8116-F2A5-42E0-B0A9-A189FF18D5D4}.Release|x86.Build.0 = Release|Any CPU
		{E20FB219-E103-4B90-96C5-517AEEB0BF12}.Debug|Any CPU.ActiveCfg = Debug|Any CPU
		{E20FB219-E103-4B90-96C5-517AEEB0BF12}.Debug|Any CPU.Build.0 = Debug|Any CPU
		{E20FB219-E103-4B90-96C5-517AEEB0BF12}.Debug|x64.ActiveCfg = Debug|Any CPU
		{E20FB219-E103-4B90-96C5-517AEEB0BF12}.Debug|x64.Build.0 = Debug|Any CPU
		{E20FB219-E103-4B90-96C5-517AEEB0BF12}.Debug|x86.ActiveCfg = Debug|Any CPU
		{E20FB219-E103-4B90-96C5-517AEEB0BF12}.Debug|x86.Build.0 = Debug|Any CPU
		{E20FB219-E103-4B90-96C5-517AEEB0BF12}.Release|Any CPU.ActiveCfg = Release|Any CPU
		{E20FB219-E103-4B90-96C5-517AEEB0BF12}.Release|Any CPU.Build.0 = Release|Any CPU
		{E20FB219-E103-4B90-96C5-517AEEB0BF12}.Release|x64.ActiveCfg = Release|Any CPU
		{E20FB219-E103-4B90-96C5-517AEEB0BF12}.Release|x64.Build.0 = Release|Any CPU
		{E20FB219-E103-4B90-96C5-517AEEB0BF12}.Release|x86.ActiveCfg = Release|Any CPU
		{E20FB219-E103-4B90-96C5-517AEEB0BF12}.Release|x86.Build.0 = Release|Any CPU
		{D0D7F89E-8C42-47B2-ADC5-8EEA12FB5DC3}.Debug|Any CPU.ActiveCfg = Debug|Any CPU
		{D0D7F89E-8C42-47B2-ADC5-8EEA12FB5DC3}.Debug|Any CPU.Build.0 = Debug|Any CPU
		{D0D7F89E-8C42-47B2-ADC5-8EEA12FB5DC3}.Debug|x64.ActiveCfg = Debug|Any CPU
		{D0D7F89E-8C42-47B2-ADC5-8EEA12FB5DC3}.Debug|x64.Build.0 = Debug|Any CPU
		{D0D7F89E-8C42-47B2-ADC5-8EEA12FB5DC3}.Debug|x86.ActiveCfg = Debug|Any CPU
		{D0D7F89E-8C42-47B2-ADC5-8EEA12FB5DC3}.Debug|x86.Build.0 = Debug|Any CPU
		{D0D7F89E-8C42-47B2-ADC5-8EEA12FB5DC3}.Release|Any CPU.ActiveCfg = Release|Any CPU
		{D0D7F89E-8C42-47B2-ADC5-8EEA12FB5DC3}.Release|Any CPU.Build.0 = Release|Any CPU
		{D0D7F89E-8C42-47B2-ADC5-8EEA12FB5DC3}.Release|x64.ActiveCfg = Release|Any CPU
		{D0D7F89E-8C42-47B2-ADC5-8EEA12FB5DC3}.Release|x64.Build.0 = Release|Any CPU
		{D0D7F89E-8C42-47B2-ADC5-8EEA12FB5DC3}.Release|x86.ActiveCfg = Release|Any CPU
		{D0D7F89E-8C42-47B2-ADC5-8EEA12FB5DC3}.Release|x86.Build.0 = Release|Any CPU
		{96DB11E8-5778-4D81-A80E-76DEC722B34C}.Debug|Any CPU.ActiveCfg = Debug|Any CPU
		{96DB11E8-5778-4D81-A80E-76DEC722B34C}.Debug|Any CPU.Build.0 = Debug|Any CPU
		{96DB11E8-5778-4D81-A80E-76DEC722B34C}.Debug|x64.ActiveCfg = Debug|Any CPU
		{96DB11E8-5778-4D81-A80E-76DEC722B34C}.Debug|x64.Build.0 = Debug|Any CPU
		{96DB11E8-5778-4D81-A80E-76DEC722B34C}.Debug|x86.ActiveCfg = Debug|Any CPU
		{96DB11E8-5778-4D81-A80E-76DEC722B34C}.Debug|x86.Build.0 = Debug|Any CPU
		{96DB11E8-5778-4D81-A80E-76DEC722B34C}.Release|Any CPU.ActiveCfg = Release|Any CPU
		{96DB11E8-5778-4D81-A80E-76DEC722B34C}.Release|Any CPU.Build.0 = Release|Any CPU
		{96DB11E8-5778-4D81-A80E-76DEC722B34C}.Release|x64.ActiveCfg = Release|Any CPU
		{96DB11E8-5778-4D81-A80E-76DEC722B34C}.Release|x64.Build.0 = Release|Any CPU
		{96DB11E8-5778-4D81-A80E-76DEC722B34C}.Release|x86.ActiveCfg = Release|Any CPU
		{96DB11E8-5778-4D81-A80E-76DEC722B34C}.Release|x86.Build.0 = Release|Any CPU
		{AC0183CB-BEB8-4B5A-9D87-D0EE65238A8A}.Debug|Any CPU.ActiveCfg = Debug|Any CPU
		{AC0183CB-BEB8-4B5A-9D87-D0EE65238A8A}.Debug|Any CPU.Build.0 = Debug|Any CPU
		{AC0183CB-BEB8-4B5A-9D87-D0EE65238A8A}.Debug|x64.ActiveCfg = Debug|Any CPU
		{AC0183CB-BEB8-4B5A-9D87-D0EE65238A8A}.Debug|x64.Build.0 = Debug|Any CPU
		{AC0183CB-BEB8-4B5A-9D87-D0EE65238A8A}.Debug|x86.ActiveCfg = Debug|Any CPU
		{AC0183CB-BEB8-4B5A-9D87-D0EE65238A8A}.Debug|x86.Build.0 = Debug|Any CPU
		{AC0183CB-BEB8-4B5A-9D87-D0EE65238A8A}.Release|Any CPU.ActiveCfg = Release|Any CPU
		{AC0183CB-BEB8-4B5A-9D87-D0EE65238A8A}.Release|Any CPU.Build.0 = Release|Any CPU
		{AC0183CB-BEB8-4B5A-9D87-D0EE65238A8A}.Release|x64.ActiveCfg = Release|Any CPU
		{AC0183CB-BEB8-4B5A-9D87-D0EE65238A8A}.Release|x64.Build.0 = Release|Any CPU
		{AC0183CB-BEB8-4B5A-9D87-D0EE65238A8A}.Release|x86.ActiveCfg = Release|Any CPU
		{AC0183CB-BEB8-4B5A-9D87-D0EE65238A8A}.Release|x86.Build.0 = Release|Any CPU
		{6D6EEAEB-274B-48F1-BC23-894B97D2453C}.Debug|Any CPU.ActiveCfg = Debug|Any CPU
		{6D6EEAEB-274B-48F1-BC23-894B97D2453C}.Debug|Any CPU.Build.0 = Debug|Any CPU
		{6D6EEAEB-274B-48F1-BC23-894B97D2453C}.Debug|x64.ActiveCfg = Debug|Any CPU
		{6D6EEAEB-274B-48F1-BC23-894B97D2453C}.Debug|x64.Build.0 = Debug|Any CPU
		{6D6EEAEB-274B-48F1-BC23-894B97D2453C}.Debug|x86.ActiveCfg = Debug|Any CPU
		{6D6EEAEB-274B-48F1-BC23-894B97D2453C}.Debug|x86.Build.0 = Debug|Any CPU
		{6D6EEAEB-274B-48F1-BC23-894B97D2453C}.Release|Any CPU.ActiveCfg = Release|Any CPU
		{6D6EEAEB-274B-48F1-BC23-894B97D2453C}.Release|Any CPU.Build.0 = Release|Any CPU
		{6D6EEAEB-274B-48F1-BC23-894B97D2453C}.Release|x64.ActiveCfg = Release|Any CPU
		{6D6EEAEB-274B-48F1-BC23-894B97D2453C}.Release|x64.Build.0 = Release|Any CPU
		{6D6EEAEB-274B-48F1-BC23-894B97D2453C}.Release|x86.ActiveCfg = Release|Any CPU
		{6D6EEAEB-274B-48F1-BC23-894B97D2453C}.Release|x86.Build.0 = Release|Any CPU
		{CAA36E39-C565-4FCE-9781-C099C2FA7E5A}.Debug|Any CPU.ActiveCfg = Debug|Any CPU
		{CAA36E39-C565-4FCE-9781-C099C2FA7E5A}.Debug|Any CPU.Build.0 = Debug|Any CPU
		{CAA36E39-C565-4FCE-9781-C099C2FA7E5A}.Debug|x64.ActiveCfg = Debug|Any CPU
		{CAA36E39-C565-4FCE-9781-C099C2FA7E5A}.Debug|x64.Build.0 = Debug|Any CPU
		{CAA36E39-C565-4FCE-9781-C099C2FA7E5A}.Debug|x86.ActiveCfg = Debug|Any CPU
		{CAA36E39-C565-4FCE-9781-C099C2FA7E5A}.Debug|x86.Build.0 = Debug|Any CPU
		{CAA36E39-C565-4FCE-9781-C099C2FA7E5A}.Release|Any CPU.ActiveCfg = Release|Any CPU
		{CAA36E39-C565-4FCE-9781-C099C2FA7E5A}.Release|Any CPU.Build.0 = Release|Any CPU
		{CAA36E39-C565-4FCE-9781-C099C2FA7E5A}.Release|x64.ActiveCfg = Release|Any CPU
		{CAA36E39-C565-4FCE-9781-C099C2FA7E5A}.Release|x64.Build.0 = Release|Any CPU
		{CAA36E39-C565-4FCE-9781-C099C2FA7E5A}.Release|x86.ActiveCfg = Release|Any CPU
		{CAA36E39-C565-4FCE-9781-C099C2FA7E5A}.Release|x86.Build.0 = Release|Any CPU
		{9A272BAD-2331-43D8-BF5A-7189DF890A94}.Debug|Any CPU.ActiveCfg = Debug|Any CPU
		{9A272BAD-2331-43D8-BF5A-7189DF890A94}.Debug|Any CPU.Build.0 = Debug|Any CPU
		{9A272BAD-2331-43D8-BF5A-7189DF890A94}.Debug|x64.ActiveCfg = Debug|Any CPU
		{9A272BAD-2331-43D8-BF5A-7189DF890A94}.Debug|x64.Build.0 = Debug|Any CPU
		{9A272BAD-2331-43D8-BF5A-7189DF890A94}.Debug|x86.ActiveCfg = Debug|Any CPU
		{9A272BAD-2331-43D8-BF5A-7189DF890A94}.Debug|x86.Build.0 = Debug|Any CPU
		{9A272BAD-2331-43D8-BF5A-7189DF890A94}.Release|Any CPU.ActiveCfg = Release|Any CPU
		{9A272BAD-2331-43D8-BF5A-7189DF890A94}.Release|Any CPU.Build.0 = Release|Any CPU
		{9A272BAD-2331-43D8-BF5A-7189DF890A94}.Release|x64.ActiveCfg = Release|Any CPU
		{9A272BAD-2331-43D8-BF5A-7189DF890A94}.Release|x64.Build.0 = Release|Any CPU
		{9A272BAD-2331-43D8-BF5A-7189DF890A94}.Release|x86.ActiveCfg = Release|Any CPU
		{9A272BAD-2331-43D8-BF5A-7189DF890A94}.Release|x86.Build.0 = Release|Any CPU
		{B28E1A3D-BD9D-40A6-BB08-DF38861A1CEB}.Debug|Any CPU.ActiveCfg = Debug|Any CPU
		{B28E1A3D-BD9D-40A6-BB08-DF38861A1CEB}.Debug|Any CPU.Build.0 = Debug|Any CPU
		{B28E1A3D-BD9D-40A6-BB08-DF38861A1CEB}.Debug|x64.ActiveCfg = Debug|Any CPU
		{B28E1A3D-BD9D-40A6-BB08-DF38861A1CEB}.Debug|x64.Build.0 = Debug|Any CPU
		{B28E1A3D-BD9D-40A6-BB08-DF38861A1CEB}.Debug|x86.ActiveCfg = Debug|Any CPU
		{B28E1A3D-BD9D-40A6-BB08-DF38861A1CEB}.Debug|x86.Build.0 = Debug|Any CPU
		{B28E1A3D-BD9D-40A6-BB08-DF38861A1CEB}.Release|Any CPU.ActiveCfg = Release|Any CPU
		{B28E1A3D-BD9D-40A6-BB08-DF38861A1CEB}.Release|Any CPU.Build.0 = Release|Any CPU
		{B28E1A3D-BD9D-40A6-BB08-DF38861A1CEB}.Release|x64.ActiveCfg = Release|Any CPU
		{B28E1A3D-BD9D-40A6-BB08-DF38861A1CEB}.Release|x64.Build.0 = Release|Any CPU
		{B28E1A3D-BD9D-40A6-BB08-DF38861A1CEB}.Release|x86.ActiveCfg = Release|Any CPU
		{B28E1A3D-BD9D-40A6-BB08-DF38861A1CEB}.Release|x86.Build.0 = Release|Any CPU
		{5E8DE54B-7E12-4CED-8116-886DC4ACB1EC}.Debug|Any CPU.ActiveCfg = Debug|Any CPU
		{5E8DE54B-7E12-4CED-8116-886DC4ACB1EC}.Debug|Any CPU.Build.0 = Debug|Any CPU
		{5E8DE54B-7E12-4CED-8116-886DC4ACB1EC}.Debug|x64.ActiveCfg = Debug|Any CPU
		{5E8DE54B-7E12-4CED-8116-886DC4ACB1EC}.Debug|x64.Build.0 = Debug|Any CPU
		{5E8DE54B-7E12-4CED-8116-886DC4ACB1EC}.Debug|x86.ActiveCfg = Debug|Any CPU
		{5E8DE54B-7E12-4CED-8116-886DC4ACB1EC}.Debug|x86.Build.0 = Debug|Any CPU
		{5E8DE54B-7E12-4CED-8116-886DC4ACB1EC}.Release|Any CPU.ActiveCfg = Release|Any CPU
		{5E8DE54B-7E12-4CED-8116-886DC4ACB1EC}.Release|Any CPU.Build.0 = Release|Any CPU
		{5E8DE54B-7E12-4CED-8116-886DC4ACB1EC}.Release|x64.ActiveCfg = Release|Any CPU
		{5E8DE54B-7E12-4CED-8116-886DC4ACB1EC}.Release|x64.Build.0 = Release|Any CPU
		{5E8DE54B-7E12-4CED-8116-886DC4ACB1EC}.Release|x86.ActiveCfg = Release|Any CPU
		{5E8DE54B-7E12-4CED-8116-886DC4ACB1EC}.Release|x86.Build.0 = Release|Any CPU
		{F04B9C9F-2EA2-408D-BECC-FBE99B019AC5}.Debug|Any CPU.ActiveCfg = Debug|Any CPU
		{F04B9C9F-2EA2-408D-BECC-FBE99B019AC5}.Debug|Any CPU.Build.0 = Debug|Any CPU
		{F04B9C9F-2EA2-408D-BECC-FBE99B019AC5}.Debug|x64.ActiveCfg = Debug|Any CPU
		{F04B9C9F-2EA2-408D-BECC-FBE99B019AC5}.Debug|x64.Build.0 = Debug|Any CPU
		{F04B9C9F-2EA2-408D-BECC-FBE99B019AC5}.Debug|x86.ActiveCfg = Debug|Any CPU
		{F04B9C9F-2EA2-408D-BECC-FBE99B019AC5}.Debug|x86.Build.0 = Debug|Any CPU
		{F04B9C9F-2EA2-408D-BECC-FBE99B019AC5}.Release|Any CPU.ActiveCfg = Release|Any CPU
		{F04B9C9F-2EA2-408D-BECC-FBE99B019AC5}.Release|Any CPU.Build.0 = Release|Any CPU
		{F04B9C9F-2EA2-408D-BECC-FBE99B019AC5}.Release|x64.ActiveCfg = Release|Any CPU
		{F04B9C9F-2EA2-408D-BECC-FBE99B019AC5}.Release|x64.Build.0 = Release|Any CPU
		{F04B9C9F-2EA2-408D-BECC-FBE99B019AC5}.Release|x86.ActiveCfg = Release|Any CPU
		{F04B9C9F-2EA2-408D-BECC-FBE99B019AC5}.Release|x86.Build.0 = Release|Any CPU
		{F2558564-754B-4831-AD0C-C0AF279C3518}.Debug|Any CPU.ActiveCfg = Debug|Any CPU
		{F2558564-754B-4831-AD0C-C0AF279C3518}.Debug|Any CPU.Build.0 = Debug|Any CPU
		{F2558564-754B-4831-AD0C-C0AF279C3518}.Debug|x64.ActiveCfg = Debug|Any CPU
		{F2558564-754B-4831-AD0C-C0AF279C3518}.Debug|x64.Build.0 = Debug|Any CPU
		{F2558564-754B-4831-AD0C-C0AF279C3518}.Debug|x86.ActiveCfg = Debug|Any CPU
		{F2558564-754B-4831-AD0C-C0AF279C3518}.Debug|x86.Build.0 = Debug|Any CPU
		{F2558564-754B-4831-AD0C-C0AF279C3518}.Release|Any CPU.ActiveCfg = Release|Any CPU
		{F2558564-754B-4831-AD0C-C0AF279C3518}.Release|Any CPU.Build.0 = Release|Any CPU
		{F2558564-754B-4831-AD0C-C0AF279C3518}.Release|x64.ActiveCfg = Release|Any CPU
		{F2558564-754B-4831-AD0C-C0AF279C3518}.Release|x64.Build.0 = Release|Any CPU
		{F2558564-754B-4831-AD0C-C0AF279C3518}.Release|x86.ActiveCfg = Release|Any CPU
		{F2558564-754B-4831-AD0C-C0AF279C3518}.Release|x86.Build.0 = Release|Any CPU
		{342BAE30-1271-463D-A591-4EC4C26B3CF2}.Debug|Any CPU.ActiveCfg = Debug|Any CPU
		{342BAE30-1271-463D-A591-4EC4C26B3CF2}.Debug|Any CPU.Build.0 = Debug|Any CPU
		{342BAE30-1271-463D-A591-4EC4C26B3CF2}.Debug|x64.ActiveCfg = Debug|Any CPU
		{342BAE30-1271-463D-A591-4EC4C26B3CF2}.Debug|x64.Build.0 = Debug|Any CPU
		{342BAE30-1271-463D-A591-4EC4C26B3CF2}.Debug|x86.ActiveCfg = Debug|Any CPU
		{342BAE30-1271-463D-A591-4EC4C26B3CF2}.Debug|x86.Build.0 = Debug|Any CPU
		{342BAE30-1271-463D-A591-4EC4C26B3CF2}.Release|Any CPU.ActiveCfg = Release|Any CPU
		{342BAE30-1271-463D-A591-4EC4C26B3CF2}.Release|Any CPU.Build.0 = Release|Any CPU
		{342BAE30-1271-463D-A591-4EC4C26B3CF2}.Release|x64.ActiveCfg = Release|Any CPU
		{342BAE30-1271-463D-A591-4EC4C26B3CF2}.Release|x64.Build.0 = Release|Any CPU
		{342BAE30-1271-463D-A591-4EC4C26B3CF2}.Release|x86.ActiveCfg = Release|Any CPU
		{342BAE30-1271-463D-A591-4EC4C26B3CF2}.Release|x86.Build.0 = Release|Any CPU
		{2625428F-D07A-42B3-884B-8A575BA86E34}.Debug|Any CPU.ActiveCfg = Debug|Any CPU
		{2625428F-D07A-42B3-884B-8A575BA86E34}.Debug|Any CPU.Build.0 = Debug|Any CPU
		{2625428F-D07A-42B3-884B-8A575BA86E34}.Debug|x64.ActiveCfg = Debug|Any CPU
		{2625428F-D07A-42B3-884B-8A575BA86E34}.Debug|x64.Build.0 = Debug|Any CPU
		{2625428F-D07A-42B3-884B-8A575BA86E34}.Debug|x86.ActiveCfg = Debug|Any CPU
		{2625428F-D07A-42B3-884B-8A575BA86E34}.Debug|x86.Build.0 = Debug|Any CPU
		{2625428F-D07A-42B3-884B-8A575BA86E34}.Release|Any CPU.ActiveCfg = Release|Any CPU
		{2625428F-D07A-42B3-884B-8A575BA86E34}.Release|Any CPU.Build.0 = Release|Any CPU
		{2625428F-D07A-42B3-884B-8A575BA86E34}.Release|x64.ActiveCfg = Release|Any CPU
		{2625428F-D07A-42B3-884B-8A575BA86E34}.Release|x64.Build.0 = Release|Any CPU
		{2625428F-D07A-42B3-884B-8A575BA86E34}.Release|x86.ActiveCfg = Release|Any CPU
		{2625428F-D07A-42B3-884B-8A575BA86E34}.Release|x86.Build.0 = Release|Any CPU
		{764185F6-8626-41E0-A423-ABBF91273E18}.Debug|Any CPU.ActiveCfg = Debug|Any CPU
		{764185F6-8626-41E0-A423-ABBF91273E18}.Debug|Any CPU.Build.0 = Debug|Any CPU
		{764185F6-8626-41E0-A423-ABBF91273E18}.Debug|x64.ActiveCfg = Debug|Any CPU
		{764185F6-8626-41E0-A423-ABBF91273E18}.Debug|x64.Build.0 = Debug|Any CPU
		{764185F6-8626-41E0-A423-ABBF91273E18}.Debug|x86.ActiveCfg = Debug|Any CPU
		{764185F6-8626-41E0-A423-ABBF91273E18}.Debug|x86.Build.0 = Debug|Any CPU
		{764185F6-8626-41E0-A423-ABBF91273E18}.Release|Any CPU.ActiveCfg = Release|Any CPU
		{764185F6-8626-41E0-A423-ABBF91273E18}.Release|Any CPU.Build.0 = Release|Any CPU
		{764185F6-8626-41E0-A423-ABBF91273E18}.Release|x64.ActiveCfg = Release|Any CPU
		{764185F6-8626-41E0-A423-ABBF91273E18}.Release|x64.Build.0 = Release|Any CPU
		{764185F6-8626-41E0-A423-ABBF91273E18}.Release|x86.ActiveCfg = Release|Any CPU
		{764185F6-8626-41E0-A423-ABBF91273E18}.Release|x86.Build.0 = Release|Any CPU
		{B2F3F09E-BC92-4CB8-8334-A6B32DAD5070}.Debug|Any CPU.ActiveCfg = Debug|Any CPU
		{B2F3F09E-BC92-4CB8-8334-A6B32DAD5070}.Debug|Any CPU.Build.0 = Debug|Any CPU
		{B2F3F09E-BC92-4CB8-8334-A6B32DAD5070}.Debug|x64.ActiveCfg = Debug|Any CPU
		{B2F3F09E-BC92-4CB8-8334-A6B32DAD5070}.Debug|x64.Build.0 = Debug|Any CPU
		{B2F3F09E-BC92-4CB8-8334-A6B32DAD5070}.Debug|x86.ActiveCfg = Debug|Any CPU
		{B2F3F09E-BC92-4CB8-8334-A6B32DAD5070}.Debug|x86.Build.0 = Debug|Any CPU
		{B2F3F09E-BC92-4CB8-8334-A6B32DAD5070}.Release|Any CPU.ActiveCfg = Release|Any CPU
		{B2F3F09E-BC92-4CB8-8334-A6B32DAD5070}.Release|Any CPU.Build.0 = Release|Any CPU
		{B2F3F09E-BC92-4CB8-8334-A6B32DAD5070}.Release|x64.ActiveCfg = Release|Any CPU
		{B2F3F09E-BC92-4CB8-8334-A6B32DAD5070}.Release|x64.Build.0 = Release|Any CPU
		{B2F3F09E-BC92-4CB8-8334-A6B32DAD5070}.Release|x86.ActiveCfg = Release|Any CPU
		{B2F3F09E-BC92-4CB8-8334-A6B32DAD5070}.Release|x86.Build.0 = Release|Any CPU
		{A1B2C3D4-E5F6-47A8-9B0C-1234567890DE}.Debug|Any CPU.ActiveCfg = Debug|Any CPU
		{A1B2C3D4-E5F6-47A8-9B0C-1234567890DE}.Debug|Any CPU.Build.0 = Debug|Any CPU
		{A1B2C3D4-E5F6-47A8-9B0C-1234567890DE}.Debug|x64.ActiveCfg = Debug|Any CPU
		{A1B2C3D4-E5F6-47A8-9B0C-1234567890DE}.Debug|x64.Build.0 = Debug|Any CPU
		{A1B2C3D4-E5F6-47A8-9B0C-1234567890DE}.Debug|x86.ActiveCfg = Debug|Any CPU
		{A1B2C3D4-E5F6-47A8-9B0C-1234567890DE}.Debug|x86.Build.0 = Debug|Any CPU
		{A1B2C3D4-E5F6-47A8-9B0C-1234567890DE}.Release|Any CPU.ActiveCfg = Release|Any CPU
		{A1B2C3D4-E5F6-47A8-9B0C-1234567890DE}.Release|Any CPU.Build.0 = Release|Any CPU
		{A1B2C3D4-E5F6-47A8-9B0C-1234567890DE}.Release|x64.ActiveCfg = Release|Any CPU
		{A1B2C3D4-E5F6-47A8-9B0C-1234567890DE}.Release|x64.Build.0 = Release|Any CPU
		{A1B2C3D4-E5F6-47A8-9B0C-1234567890DE}.Release|x86.ActiveCfg = Release|Any CPU
		{A1B2C3D4-E5F6-47A8-9B0C-1234567890DE}.Release|x86.Build.0 = Release|Any CPU
		{13CD3A89-9E27-4C0E-87C9-E8FE1330D0BF}.Debug|Any CPU.ActiveCfg = Debug|Any CPU
		{13CD3A89-9E27-4C0E-87C9-E8FE1330D0BF}.Debug|Any CPU.Build.0 = Debug|Any CPU
		{13CD3A89-9E27-4C0E-87C9-E8FE1330D0BF}.Debug|x64.ActiveCfg = Debug|Any CPU
		{13CD3A89-9E27-4C0E-87C9-E8FE1330D0BF}.Debug|x64.Build.0 = Debug|Any CPU
		{13CD3A89-9E27-4C0E-87C9-E8FE1330D0BF}.Debug|x86.ActiveCfg = Debug|Any CPU
		{13CD3A89-9E27-4C0E-87C9-E8FE1330D0BF}.Debug|x86.Build.0 = Debug|Any CPU
		{13CD3A89-9E27-4C0E-87C9-E8FE1330D0BF}.Release|Any CPU.ActiveCfg = Release|Any CPU
		{13CD3A89-9E27-4C0E-87C9-E8FE1330D0BF}.Release|Any CPU.Build.0 = Release|Any CPU
		{13CD3A89-9E27-4C0E-87C9-E8FE1330D0BF}.Release|x64.ActiveCfg = Release|Any CPU
		{13CD3A89-9E27-4C0E-87C9-E8FE1330D0BF}.Release|x64.Build.0 = Release|Any CPU
		{13CD3A89-9E27-4C0E-87C9-E8FE1330D0BF}.Release|x86.ActiveCfg = Release|Any CPU
		{13CD3A89-9E27-4C0E-87C9-E8FE1330D0BF}.Release|x86.Build.0 = Release|Any CPU
		{FA7EFEE2-891A-499A-8E8D-AD49022931B4}.Debug|Any CPU.ActiveCfg = Debug|Any CPU
		{FA7EFEE2-891A-499A-8E8D-AD49022931B4}.Debug|Any CPU.Build.0 = Debug|Any CPU
		{FA7EFEE2-891A-499A-8E8D-AD49022931B4}.Debug|x64.ActiveCfg = Debug|Any CPU
		{FA7EFEE2-891A-499A-8E8D-AD49022931B4}.Debug|x64.Build.0 = Debug|Any CPU
		{FA7EFEE2-891A-499A-8E8D-AD49022931B4}.Debug|x86.ActiveCfg = Debug|Any CPU
		{FA7EFEE2-891A-499A-8E8D-AD49022931B4}.Debug|x86.Build.0 = Debug|Any CPU
		{FA7EFEE2-891A-499A-8E8D-AD49022931B4}.Release|Any CPU.ActiveCfg = Release|Any CPU
		{FA7EFEE2-891A-499A-8E8D-AD49022931B4}.Release|Any CPU.Build.0 = Release|Any CPU
		{FA7EFEE2-891A-499A-8E8D-AD49022931B4}.Release|x64.ActiveCfg = Release|Any CPU
		{FA7EFEE2-891A-499A-8E8D-AD49022931B4}.Release|x64.Build.0 = Release|Any CPU
		{FA7EFEE2-891A-499A-8E8D-AD49022931B4}.Release|x86.ActiveCfg = Release|Any CPU
		{FA7EFEE2-891A-499A-8E8D-AD49022931B4}.Release|x86.Build.0 = Release|Any CPU
		{2144EB9E-17DC-4805-8A2D-61693E2A1163}.Debug|Any CPU.ActiveCfg = Debug|Any CPU
		{2144EB9E-17DC-4805-8A2D-61693E2A1163}.Debug|Any CPU.Build.0 = Debug|Any CPU
		{2144EB9E-17DC-4805-8A2D-61693E2A1163}.Debug|x64.ActiveCfg = Debug|Any CPU
		{2144EB9E-17DC-4805-8A2D-61693E2A1163}.Debug|x64.Build.0 = Debug|Any CPU
		{2144EB9E-17DC-4805-8A2D-61693E2A1163}.Debug|x86.ActiveCfg = Debug|Any CPU
		{2144EB9E-17DC-4805-8A2D-61693E2A1163}.Debug|x86.Build.0 = Debug|Any CPU
		{2144EB9E-17DC-4805-8A2D-61693E2A1163}.Release|Any CPU.ActiveCfg = Release|Any CPU
		{2144EB9E-17DC-4805-8A2D-61693E2A1163}.Release|Any CPU.Build.0 = Release|Any CPU
		{2144EB9E-17DC-4805-8A2D-61693E2A1163}.Release|x64.ActiveCfg = Release|Any CPU
		{2144EB9E-17DC-4805-8A2D-61693E2A1163}.Release|x64.Build.0 = Release|Any CPU
		{2144EB9E-17DC-4805-8A2D-61693E2A1163}.Release|x86.ActiveCfg = Release|Any CPU
		{2144EB9E-17DC-4805-8A2D-61693E2A1163}.Release|x86.Build.0 = Release|Any CPU
		{3CA2DA19-CE03-412A-9932-1A405B1956B1}.Debug|Any CPU.ActiveCfg = Debug|Any CPU
		{3CA2DA19-CE03-412A-9932-1A405B1956B1}.Debug|Any CPU.Build.0 = Debug|Any CPU
		{3CA2DA19-CE03-412A-9932-1A405B1956B1}.Debug|x64.ActiveCfg = Debug|Any CPU
		{3CA2DA19-CE03-412A-9932-1A405B1956B1}.Debug|x64.Build.0 = Debug|Any CPU
		{3CA2DA19-CE03-412A-9932-1A405B1956B1}.Debug|x86.ActiveCfg = Debug|Any CPU
		{3CA2DA19-CE03-412A-9932-1A405B1956B1}.Debug|x86.Build.0 = Debug|Any CPU
		{3CA2DA19-CE03-412A-9932-1A405B1956B1}.Release|Any CPU.ActiveCfg = Release|Any CPU
		{3CA2DA19-CE03-412A-9932-1A405B1956B1}.Release|Any CPU.Build.0 = Release|Any CPU
		{3CA2DA19-CE03-412A-9932-1A405B1956B1}.Release|x64.ActiveCfg = Release|Any CPU
		{3CA2DA19-CE03-412A-9932-1A405B1956B1}.Release|x64.Build.0 = Release|Any CPU
		{3CA2DA19-CE03-412A-9932-1A405B1956B1}.Release|x86.ActiveCfg = Release|Any CPU
		{3CA2DA19-CE03-412A-9932-1A405B1956B1}.Release|x86.Build.0 = Release|Any CPU
	EndGlobalSection
	GlobalSection(SolutionProperties) = preSolution
		HideSolutionNode = FALSE
	EndGlobalSection
	GlobalSection(NestedProjects) = preSolution
		{ED1DF170-257D-4C00-866E-B6A4511ACEF3} = {0AB3BF05-4346-4AA6-1389-037BE0695223}
		{515A9E4E-A90F-44DD-B96D-B726D6CC0514} = {827E0CD3-B72D-47B6-A68D-7590B98EB39B}
		{A5E4C2B8-6F31-4F7B-9B7E-1D4C918B2E50} = {827E0CD3-B72D-47B6-A68D-7590B98EB39B}
		{45CDA7FA-A1AE-4CCB-84EC-D68F232FDA9E} = {0AB3BF05-4346-4AA6-1389-037BE0695223}
		{88E7DEA7-5315-4064-A213-464F9190EB08} = {0AB3BF05-4346-4AA6-1389-037BE0695223}
		{B2D9E5A4-768C-49B4-8C53-2F1FA0D39B81} = {0AB3BF05-4346-4AA6-1389-037BE0695223}
		{C7B1A6D3-3F9E-4D21-A869-5A2E7B0C4F16} = {0AB3BF05-4346-4AA6-1389-037BE0695223}
		{D8E7F6A5-B4C3-4D2E-91F0-1234567890AB} = {827E0CD3-B72D-47B6-A68D-7590B98EB39B}
		{E9F8A7B6-C5D4-4E3F-A102-2345678901BC} = {0AB3BF05-4346-4AA6-1389-037BE0695223}
		{F0A9B8C7-D6E5-4F40-B213-3456789012CD} = {0AB3BF05-4346-4AA6-1389-037BE0695223}
		{EC447DCF-ABFA-6E24-52A5-D7FD48A5C558} = {827E0CD3-B72D-47B6-A68D-7590B98EB39B}
		{0EC62A1A-9858-3A60-8A0C-FC9AACFA2EC7} = {EC447DCF-ABFA-6E24-52A5-D7FD48A5C558}
		{8FA47750-0F71-4EE3-961D-F2C70CF0DBAE} = {0EC62A1A-9858-3A60-8A0C-FC9AACFA2EC7}
		{2B21B761-062D-4C9E-8A22-C392AE4C4C0C} = {0EC62A1A-9858-3A60-8A0C-FC9AACFA2EC7}
		{C76582E6-A4E5-4FDB-3F9D-04D42A1C8EEB} = {EC447DCF-ABFA-6E24-52A5-D7FD48A5C558}
		{FE20B45E-E748-464C-8BE7-9C8D2CA66D32} = {C76582E6-A4E5-4FDB-3F9D-04D42A1C8EEB}
		{A5718201-3E0F-4DD0-A086-B47C59EDF2EA} = {C76582E6-A4E5-4FDB-3F9D-04D42A1C8EEB}
		{73827E89-480D-51DF-E530-D22C9C063B81} = {EC447DCF-ABFA-6E24-52A5-D7FD48A5C558}
		{2C8A15A2-2A3A-44F3-A99E-941683BC7563} = {73827E89-480D-51DF-E530-D22C9C063B81}
		{3C4FCA10-A83A-412D-8EA5-67F310A5234F} = {73827E89-480D-51DF-E530-D22C9C063B81}
		{FF9B44C8-2461-63A0-7A93-9FA943E63718} = {EC447DCF-ABFA-6E24-52A5-D7FD48A5C558}
		{144136D0-ACB5-40D9-ABE8-564DEFD73162} = {FF9B44C8-2461-63A0-7A93-9FA943E63718}
		{B5C6B9D0-AEA3-4546-B3B2-46C0C4A06E81} = {FF9B44C8-2461-63A0-7A93-9FA943E63718}
		{4A9103E6-A53B-0BE2-6E2B-75810FC2D508} = {EC447DCF-ABFA-6E24-52A5-D7FD48A5C558}
		{98DADBF2-9C0B-4DFB-BF59-C33DEDDB64CD} = {4A9103E6-A53B-0BE2-6E2B-75810FC2D508}
		{4AA6DCC7-215F-4A3A-8AA3-F8267155E860} = {4A9103E6-A53B-0BE2-6E2B-75810FC2D508}
		{18C073E0-6CB1-4693-3636-BFEE619A6192} = {EC447DCF-ABFA-6E24-52A5-D7FD48A5C558}
		{5E85B2CA-4772-422B-B6B8-BBC789FDFC2C} = {18C073E0-6CB1-4693-3636-BFEE619A6192}
		{8CF3B11F-7193-4BEF-BE4A-EA8E709B7887} = {18C073E0-6CB1-4693-3636-BFEE619A6192}
		{9BEF3022-8F32-75D2-CECD-C5B52145A37A} = {EC447DCF-ABFA-6E24-52A5-D7FD48A5C558}
		{543893F2-64D8-4E0E-BF12-36F7EF9823D2} = {9BEF3022-8F32-75D2-CECD-C5B52145A37A}
		{863AF851-5958-496C-BC16-8B9CEE2ACD8D} = {9BEF3022-8F32-75D2-CECD-C5B52145A37A}
		{95DAE0F7-5228-FBA5-1541-68C30582DFF6} = {EC447DCF-ABFA-6E24-52A5-D7FD48A5C558}
		{E226313B-4501-4006-A41D-87FEF3DCB722} = {95DAE0F7-5228-FBA5-1541-68C30582DFF6}
		{8730CDF5-16B5-43E5-8E8C-0CDC232C3297} = {95DAE0F7-5228-FBA5-1541-68C30582DFF6}
		{27C1F67A-87C5-D60A-5295-CB8BC6EBD220} = {EC447DCF-ABFA-6E24-52A5-D7FD48A5C558}
		{4EAC48A8-DF5D-4473-B5D7-BB1EC6552558} = {27C1F67A-87C5-D60A-5295-CB8BC6EBD220}
		{C50BEE78-00FB-4ACD-A138-CCBF32C0253A} = {27C1F67A-87C5-D60A-5295-CB8BC6EBD220}
		{DE9DAF8A-E684-0FD3-FFDC-40D3E3158533} = {EC447DCF-ABFA-6E24-52A5-D7FD48A5C558}
		{84538E96-E88C-4DE6-84E8-EABC7027506C} = {DE9DAF8A-E684-0FD3-FFDC-40D3E3158533}
		{979519A8-2964-4BF7-ADFA-4EAA5A40B3F3} = {DE9DAF8A-E684-0FD3-FFDC-40D3E3158533}
		{B163681E-2375-F1BE-DBC0-036D600CF718} = {EC447DCF-ABFA-6E24-52A5-D7FD48A5C558}
		{59969437-04DB-4816-8B0E-FB2280BC4CC4} = {B163681E-2375-F1BE-DBC0-036D600CF718}
		{AFE31A51-D826-4CB8-81EE-4D524584B985} = {B163681E-2375-F1BE-DBC0-036D600CF718}
		{05DB06A9-3D96-E6C9-493D-F03E9EBDBABF} = {EC447DCF-ABFA-6E24-52A5-D7FD48A5C558}
		{0A065A0F-064C-4FE9-9CD6-0ED09374B972} = {05DB06A9-3D96-E6C9-493D-F03E9EBDBABF}
		{2F888918-8122-481B-8F66-633DE8AC1537} = {05DB06A9-3D96-E6C9-493D-F03E9EBDBABF}
		{56A9BAD2-594B-CDC5-4665-0B813A60D7CB} = {EC447DCF-ABFA-6E24-52A5-D7FD48A5C558}
		{57F3CCB4-0479-455E-AB7E-B7DDFACACEC9} = {56A9BAD2-594B-CDC5-4665-0B813A60D7CB}
		{7A4777E0-7290-4131-ABF8-7222264B40C4} = {56A9BAD2-594B-CDC5-4665-0B813A60D7CB}
		{CBFC7D09-D20A-3BD9-57E9-57A87E6AFCC2} = {EC447DCF-ABFA-6E24-52A5-D7FD48A5C558}
		{03A5D745-D814-4F6C-AF9B-4F541B0BB098} = {CBFC7D09-D20A-3BD9-57E9-57A87E6AFCC2}
		{CA0F1E19-26AA-4065-BA7B-AAF36E49E1BD} = {CBFC7D09-D20A-3BD9-57E9-57A87E6AFCC2}
		{DA219ACF-2775-4439-920A-1E4FD917381E} = {0AB3BF05-4346-4AA6-1389-037BE0695223}
		{581AEDC9-940F-460E-88AA-5448F834905B} = {0AB3BF05-4346-4AA6-1389-037BE0695223}
		{F0277CD3-4FBB-4FFE-9844-1468E9FB0103} = {0AB3BF05-4346-4AA6-1389-037BE0695223}
		{5A25787F-1637-4116-AB4B-8D5927961631} = {0AB3BF05-4346-4AA6-1389-037BE0695223}
		{63971026-93E3-446E-A3BA-CBA9344F5706} = {0AB3BF05-4346-4AA6-1389-037BE0695223}
		{2E219C13-1C2E-4D0A-A736-929DA3751738} = {0AB3BF05-4346-4AA6-1389-037BE0695223}
		{0DDAC0F0-66DB-40EE-A00B-E40AE7386F14} = {0AB3BF05-4346-4AA6-1389-037BE0695223}
		{E2F74494-CB8C-40B2-A459-7D5EFCD66D40} = {0AB3BF05-4346-4AA6-1389-037BE0695223}
		{C4C704B1-EFC2-491E-AE1B-67366CE82E68} = {0AB3BF05-4346-4AA6-1389-037BE0695223}
		{CA7655F7-9A78-4485-B835-E4F337BB7E16} = {0AB3BF05-4346-4AA6-1389-037BE0695223}
		{7BFAFF61-F8F6-471E-920B-5E8FD75B552F} = {0AB3BF05-4346-4AA6-1389-037BE0695223}
		{D4A27EF7-7DE0-420C-BC03-9CF747E0B0B2} = {0AB3BF05-4346-4AA6-1389-037BE0695223}
		{6F5E8116-F2A5-42E0-B0A9-A189FF18D5D4} = {0AB3BF05-4346-4AA6-1389-037BE0695223}
		{E20FB219-E103-4B90-96C5-517AEEB0BF12} = {0AB3BF05-4346-4AA6-1389-037BE0695223}
		{D0D7F89E-8C42-47B2-ADC5-8EEA12FB5DC3} = {0AB3BF05-4346-4AA6-1389-037BE0695223}
		{96DB11E8-5778-4D81-A80E-76DEC722B34C} = {827E0CD3-B72D-47B6-A68D-7590B98EB39B}
		{AC0183CB-BEB8-4B5A-9D87-D0EE65238A8A} = {0AB3BF05-4346-4AA6-1389-037BE0695223}
		{6D6EEAEB-274B-48F1-BC23-894B97D2453C} = {0AB3BF05-4346-4AA6-1389-037BE0695223}
		{CAA36E39-C565-4FCE-9781-C099C2FA7E5A} = {0AB3BF05-4346-4AA6-1389-037BE0695223}
		{9A272BAD-2331-43D8-BF5A-7189DF890A94} = {0AB3BF05-4346-4AA6-1389-037BE0695223}
		{B28E1A3D-BD9D-40A6-BB08-DF38861A1CEB} = {827E0CD3-B72D-47B6-A68D-7590B98EB39B}
		{5E8DE54B-7E12-4CED-8116-886DC4ACB1EC} = {0AB3BF05-4346-4AA6-1389-037BE0695223}
		{F04B9C9F-2EA2-408D-BECC-FBE99B019AC5} = {0AB3BF05-4346-4AA6-1389-037BE0695223}
		{F2558564-754B-4831-AD0C-C0AF279C3518} = {0AB3BF05-4346-4AA6-1389-037BE0695223}
		{342BAE30-1271-463D-A591-4EC4C26B3CF2} = {0AB3BF05-4346-4AA6-1389-037BE0695223}
		{2625428F-D07A-42B3-884B-8A575BA86E34} = {0AB3BF05-4346-4AA6-1389-037BE0695223}
		{764185F6-8626-41E0-A423-ABBF91273E18} = {0AB3BF05-4346-4AA6-1389-037BE0695223}
		{B2F3F09E-BC92-4CB8-8334-A6B32DAD5070} = {0AB3BF05-4346-4AA6-1389-037BE0695223}
		{A1B2C3D4-E5F6-47A8-9B0C-1234567890DE} = {0AB3BF05-4346-4AA6-1389-037BE0695223}
		{13CD3A89-9E27-4C0E-87C9-E8FE1330D0BF} = {0AB3BF05-4346-4AA6-1389-037BE0695223}
		{FA7EFEE2-891A-499A-8E8D-AD49022931B4} = {0AB3BF05-4346-4AA6-1389-037BE0695223}
		{2144EB9E-17DC-4805-8A2D-61693E2A1163} = {0AB3BF05-4346-4AA6-1389-037BE0695223}
		{3CA2DA19-CE03-412A-9932-1A405B1956B1} = {0AB3BF05-4346-4AA6-1389-037BE0695223}
	EndGlobalSection
EndGlobal
